// !$*UTF8*$!
{
	archiveVersion = 1;
	classes = {
	};
	objectVersion = 55;
	objects = {

/* Begin PBXBuildFile section */
		1F1B747528A56D2D0099E29D /* Assets.xcassets in Resources */ = {isa = PBXBuildFile; fileRef = 1F1B747428A56D2D0099E29D /* Assets.xcassets */; };
		1FACE22528779160009BC6A0 /* AzureCommunicationUICallWithChat.framework in Frameworks */ = {isa = PBXBuildFile; fileRef = 1FACE21A2877915F009BC6A0 /* AzureCommunicationUICallWithChat.framework */; };
		1FACE24F2878C53E009BC6A0 /* CallWithChatComposite.swift in Sources */ = {isa = PBXBuildFile; fileRef = 1FACE24E2878C53E009BC6A0 /* CallWithChatComposite.swift */; };
		3B96D1B6CAA07983D19B5657 /* Pods_AzureCommunicationUICallWithChat.framework in Frameworks */ = {isa = PBXBuildFile; fileRef = BFFC3214285C95D7A9ED878C /* Pods_AzureCommunicationUICallWithChat.framework */; };
		FA021B262882161800CEDD02 /* LocalizationOptions.swift in Sources */ = {isa = PBXBuildFile; fileRef = FA021B252882161800CEDD02 /* LocalizationOptions.swift */; };
		FA021B2B2882187300CEDD02 /* CompositesOptionsExtension.swift in Sources */ = {isa = PBXBuildFile; fileRef = FA021B2A2882187300CEDD02 /* CompositesOptionsExtension.swift */; };
		FA021B2F2882192600CEDD02 /* DiagnosticConfig.swift in Sources */ = {isa = PBXBuildFile; fileRef = FA021B2E2882192600CEDD02 /* DiagnosticConfig.swift */; };
		FA0FD6B628AB09ED000C8111 /* ThemeOptions.swift in Sources */ = {isa = PBXBuildFile; fileRef = FA0FD69C28AB09ED000C8111 /* ThemeOptions.swift */; };
		FA0FD70028AB0A06000C8111 /* DiagnosticConfigTests.swift in Sources */ = {isa = PBXBuildFile; fileRef = FA0FD6E428AB0A06000C8111 /* DiagnosticConfigTests.swift */; };
		FA815A0E28AB0B900080CCFB /* LocalOptions.swift in Sources */ = {isa = PBXBuildFile; fileRef = FA815A0D28AB0B900080CCFB /* LocalOptions.swift */; };
		FAA57BDA2881ED4400E63991 /* CallWithChatCompositeError.swift in Sources */ = {isa = PBXBuildFile; fileRef = FAA57BD92881ED4400E63991 /* CallWithChatCompositeError.swift */; };
		FAC746992880E1AB00AA479A /* RemoteOptions.swift in Sources */ = {isa = PBXBuildFile; fileRef = FAC746932880E1AA00AA479A /* RemoteOptions.swift */; };
		FAC7469C2880E1AB00AA479A /* SetParticipantViewDataError.swift in Sources */ = {isa = PBXBuildFile; fileRef = FAC746962880E1AA00AA479A /* SetParticipantViewDataError.swift */; };
		FAFD931028AB170300D2AC89 /* AzureCommunicationUICalling.framework in Frameworks */ = {isa = PBXBuildFile; fileRef = FA4BB36228AB0FD000FA68FC /* AzureCommunicationUICalling.framework */; };
		FAFD931128AB170300D2AC89 /* AzureCommunicationUICalling.framework in Embed Frameworks */ = {isa = PBXBuildFile; fileRef = FA4BB36228AB0FD000FA68FC /* AzureCommunicationUICalling.framework */; settings = {ATTRIBUTES = (CodeSignOnCopy, RemoveHeadersOnCopy, ); }; };
		FAFD931328AB170500D2AC89 /* AzureCommunicationUIChat.framework in Frameworks */ = {isa = PBXBuildFile; fileRef = FA4BB36428AB0FD200FA68FC /* AzureCommunicationUIChat.framework */; };
		FAFD931428AB170500D2AC89 /* AzureCommunicationUIChat.framework in Embed Frameworks */ = {isa = PBXBuildFile; fileRef = FA4BB36428AB0FD200FA68FC /* AzureCommunicationUIChat.framework */; settings = {ATTRIBUTES = (CodeSignOnCopy, RemoveHeadersOnCopy, ); }; };
		FAFE1B71287E3544004913A1 /* CallWithChatCompositeOptions.swift in Sources */ = {isa = PBXBuildFile; fileRef = FAFE1B70287E3544004913A1 /* CallWithChatCompositeOptions.swift */; };
		FC794929C3820AA466BD9114 /* Pods_AzureCommunicationUICallWithChat_AzureCommunicationUICallWithChatTests.framework in Frameworks */ = {isa = PBXBuildFile; fileRef = DB11D12E5FBB40A4F17D9225 /* Pods_AzureCommunicationUICallWithChat_AzureCommunicationUICallWithChatTests.framework */; };
/* End PBXBuildFile section */

/* Begin PBXContainerItemProxy section */
		1FACE22628779160009BC6A0 /* PBXContainerItemProxy */ = {
			isa = PBXContainerItemProxy;
			containerPortal = 1FACE2112877915F009BC6A0 /* Project object */;
			proxyType = 1;
			remoteGlobalIDString = 1FACE2192877915F009BC6A0;
			remoteInfo = AzureCommunicationUICallWithChat;
		};
/* End PBXContainerItemProxy section */

/* Begin PBXCopyFilesBuildPhase section */
		FAFD931228AB170300D2AC89 /* Embed Frameworks */ = {
			isa = PBXCopyFilesBuildPhase;
			buildActionMask = 2147483647;
			dstPath = "";
			dstSubfolderSpec = 10;
			files = (
				FAFD931128AB170300D2AC89 /* AzureCommunicationUICalling.framework in Embed Frameworks */,
				FAFD931428AB170500D2AC89 /* AzureCommunicationUIChat.framework in Embed Frameworks */,
			);
			name = "Embed Frameworks";
			runOnlyForDeploymentPostprocessing = 0;
		};
/* End PBXCopyFilesBuildPhase section */

/* Begin PBXFileReference section */
		0B2BEA7534910EDF3FFC49F9 /* Pods-AzureCommunicationUICallWithChat.release.xcconfig */ = {isa = PBXFileReference; includeInIndex = 1; lastKnownFileType = text.xcconfig; name = "Pods-AzureCommunicationUICallWithChat.release.xcconfig"; path = "Target Support Files/Pods-AzureCommunicationUICallWithChat/Pods-AzureCommunicationUICallWithChat.release.xcconfig"; sourceTree = "<group>"; };
		0D41959CA5935F0B13AEAFF0 /* Pods-AzureCommunicationUICallWithChat.debug.xcconfig */ = {isa = PBXFileReference; includeInIndex = 1; lastKnownFileType = text.xcconfig; name = "Pods-AzureCommunicationUICallWithChat.debug.xcconfig"; path = "Target Support Files/Pods-AzureCommunicationUICallWithChat/Pods-AzureCommunicationUICallWithChat.debug.xcconfig"; sourceTree = "<group>"; };
		1F1B747428A56D2D0099E29D /* Assets.xcassets */ = {isa = PBXFileReference; lastKnownFileType = folder.assetcatalog; path = Assets.xcassets; sourceTree = "<group>"; };
		1FACE21A2877915F009BC6A0 /* AzureCommunicationUICallWithChat.framework */ = {isa = PBXFileReference; explicitFileType = wrapper.framework; includeInIndex = 0; path = AzureCommunicationUICallWithChat.framework; sourceTree = BUILT_PRODUCTS_DIR; };
		1FACE22428779160009BC6A0 /* AzureCommunicationUICallWithChatTests.xctest */ = {isa = PBXFileReference; explicitFileType = wrapper.cfbundle; includeInIndex = 0; path = AzureCommunicationUICallWithChatTests.xctest; sourceTree = BUILT_PRODUCTS_DIR; };
		1FACE247287888E8009BC6A0 /* AzureCommunicationUICalling.framework */ = {isa = PBXFileReference; explicitFileType = wrapper.framework; path = AzureCommunicationUICalling.framework; sourceTree = BUILT_PRODUCTS_DIR; };
		1FACE24B287888ED009BC6A0 /* AzureCommunicationUIChat.framework */ = {isa = PBXFileReference; explicitFileType = wrapper.framework; path = AzureCommunicationUIChat.framework; sourceTree = BUILT_PRODUCTS_DIR; };
		1FACE24E2878C53E009BC6A0 /* CallWithChatComposite.swift */ = {isa = PBXFileReference; lastKnownFileType = sourcecode.swift; path = CallWithChatComposite.swift; sourceTree = "<group>"; };
		5A8E33D67EC3238877C16932 /* Pods-AzureCommunicationUICallWithChat-AzureCommunicationUICallWithChatTests.release.xcconfig */ = {isa = PBXFileReference; includeInIndex = 1; lastKnownFileType = text.xcconfig; name = "Pods-AzureCommunicationUICallWithChat-AzureCommunicationUICallWithChatTests.release.xcconfig"; path = "Target Support Files/Pods-AzureCommunicationUICallWithChat-AzureCommunicationUICallWithChatTests/Pods-AzureCommunicationUICallWithChat-AzureCommunicationUICallWithChatTests.release.xcconfig"; sourceTree = "<group>"; };
		5E64CE57F00968883F24C9FE /* Pods-AzureCommunicationUICallWithChat-AzureCommunicationUICallWithChatTests.debug.xcconfig */ = {isa = PBXFileReference; includeInIndex = 1; lastKnownFileType = text.xcconfig; name = "Pods-AzureCommunicationUICallWithChat-AzureCommunicationUICallWithChatTests.debug.xcconfig"; path = "Target Support Files/Pods-AzureCommunicationUICallWithChat-AzureCommunicationUICallWithChatTests/Pods-AzureCommunicationUICallWithChat-AzureCommunicationUICallWithChatTests.debug.xcconfig"; sourceTree = "<group>"; };
		BFFC3214285C95D7A9ED878C /* Pods_AzureCommunicationUICallWithChat.framework */ = {isa = PBXFileReference; explicitFileType = wrapper.framework; includeInIndex = 0; path = Pods_AzureCommunicationUICallWithChat.framework; sourceTree = BUILT_PRODUCTS_DIR; };
		DB11D12E5FBB40A4F17D9225 /* Pods_AzureCommunicationUICallWithChat_AzureCommunicationUICallWithChatTests.framework */ = {isa = PBXFileReference; explicitFileType = wrapper.framework; includeInIndex = 0; path = Pods_AzureCommunicationUICallWithChat_AzureCommunicationUICallWithChatTests.framework; sourceTree = BUILT_PRODUCTS_DIR; };
		FA021B252882161800CEDD02 /* LocalizationOptions.swift */ = {isa = PBXFileReference; fileEncoding = 4; lastKnownFileType = sourcecode.swift; path = LocalizationOptions.swift; sourceTree = "<group>"; };
		FA021B2A2882187300CEDD02 /* CompositesOptionsExtension.swift */ = {isa = PBXFileReference; lastKnownFileType = sourcecode.swift; path = CompositesOptionsExtension.swift; sourceTree = "<group>"; };
		FA021B2E2882192600CEDD02 /* DiagnosticConfig.swift */ = {isa = PBXFileReference; fileEncoding = 4; lastKnownFileType = sourcecode.swift; path = DiagnosticConfig.swift; sourceTree = "<group>"; };
		FA021B3728821FEA00CEDD02 /* AzureCommunicationUICalling.framework */ = {isa = PBXFileReference; explicitFileType = wrapper.framework; path = AzureCommunicationUICalling.framework; sourceTree = BUILT_PRODUCTS_DIR; };
		FA021B3B28821FED00CEDD02 /* AzureCommunicationUIChat.framework */ = {isa = PBXFileReference; explicitFileType = wrapper.framework; path = AzureCommunicationUIChat.framework; sourceTree = BUILT_PRODUCTS_DIR; };
		FA0FD69C28AB09ED000C8111 /* ThemeOptions.swift */ = {isa = PBXFileReference; fileEncoding = 4; lastKnownFileType = sourcecode.swift; path = ThemeOptions.swift; sourceTree = "<group>"; };
		FA0FD6E428AB0A06000C8111 /* DiagnosticConfigTests.swift */ = {isa = PBXFileReference; fileEncoding = 4; lastKnownFileType = sourcecode.swift; path = DiagnosticConfigTests.swift; sourceTree = "<group>"; };
		FA4BB36228AB0FD000FA68FC /* AzureCommunicationUICalling.framework */ = {isa = PBXFileReference; explicitFileType = wrapper.framework; path = AzureCommunicationUICalling.framework; sourceTree = BUILT_PRODUCTS_DIR; };
		FA4BB36428AB0FD200FA68FC /* AzureCommunicationUIChat.framework */ = {isa = PBXFileReference; explicitFileType = wrapper.framework; path = AzureCommunicationUIChat.framework; sourceTree = BUILT_PRODUCTS_DIR; };
		FA815A0D28AB0B900080CCFB /* LocalOptions.swift */ = {isa = PBXFileReference; fileEncoding = 4; lastKnownFileType = sourcecode.swift; path = LocalOptions.swift; sourceTree = "<group>"; };
		FAA57BD92881ED4400E63991 /* CallWithChatCompositeError.swift */ = {isa = PBXFileReference; fileEncoding = 4; lastKnownFileType = sourcecode.swift; path = CallWithChatCompositeError.swift; sourceTree = "<group>"; };
		FAC746932880E1AA00AA479A /* RemoteOptions.swift */ = {isa = PBXFileReference; fileEncoding = 4; lastKnownFileType = sourcecode.swift; path = RemoteOptions.swift; sourceTree = "<group>"; };
		FAC746962880E1AA00AA479A /* SetParticipantViewDataError.swift */ = {isa = PBXFileReference; fileEncoding = 4; lastKnownFileType = sourcecode.swift; path = SetParticipantViewDataError.swift; sourceTree = "<group>"; };
		FAC7469E2880EDAA00AA479A /* Pods_AzureCommunicationUICalling.framework */ = {isa = PBXFileReference; explicitFileType = wrapper.framework; path = Pods_AzureCommunicationUICalling.framework; sourceTree = BUILT_PRODUCTS_DIR; };
		FAFE1B70287E3544004913A1 /* CallWithChatCompositeOptions.swift */ = {isa = PBXFileReference; lastKnownFileType = sourcecode.swift; path = CallWithChatCompositeOptions.swift; sourceTree = "<group>"; };
/* End PBXFileReference section */

/* Begin PBXFrameworksBuildPhase section */
		1FACE2172877915F009BC6A0 /* Frameworks */ = {
			isa = PBXFrameworksBuildPhase;
			buildActionMask = 2147483647;
			files = (
				3B96D1B6CAA07983D19B5657 /* Pods_AzureCommunicationUICallWithChat.framework in Frameworks */,
				FAFD931028AB170300D2AC89 /* AzureCommunicationUICalling.framework in Frameworks */,
				FAFD931328AB170500D2AC89 /* AzureCommunicationUIChat.framework in Frameworks */,
			);
			runOnlyForDeploymentPostprocessing = 0;
		};
		1FACE22128779160009BC6A0 /* Frameworks */ = {
			isa = PBXFrameworksBuildPhase;
			buildActionMask = 2147483647;
			files = (
				1FACE22528779160009BC6A0 /* AzureCommunicationUICallWithChat.framework in Frameworks */,
				FC794929C3820AA466BD9114 /* Pods_AzureCommunicationUICallWithChat_AzureCommunicationUICallWithChatTests.framework in Frameworks */,
			);
			runOnlyForDeploymentPostprocessing = 0;
		};
/* End PBXFrameworksBuildPhase section */

/* Begin PBXGroup section */
		1FACE2102877915F009BC6A0 = {
			isa = PBXGroup;
			children = (
				1FACE234287791C4009BC6A0 /* Sources */,
				1FACE237287791C4009BC6A0 /* Tests */,
				1FACE21B2877915F009BC6A0 /* Products */,
				1FACE246287888E8009BC6A0 /* Frameworks */,
				DEB3C711948F355C8EF2E8E0 /* Pods */,
			);
			sourceTree = "<group>";
		};
		1FACE21B2877915F009BC6A0 /* Products */ = {
			isa = PBXGroup;
			children = (
				1FACE21A2877915F009BC6A0 /* AzureCommunicationUICallWithChat.framework */,
				1FACE22428779160009BC6A0 /* AzureCommunicationUICallWithChatTests.xctest */,
			);
			name = Products;
			sourceTree = "<group>";
		};
		1FACE234287791C4009BC6A0 /* Sources */ = {
			isa = PBXGroup;
			children = (
				1FACE24E2878C53E009BC6A0 /* CallWithChatComposite.swift */,
				FA0FD66D28AB09ED000C8111 /* common */,
				FAC746912880E16000AA479A /* CallWithChatCompositeOptions */,
				FA021B292882185400CEDD02 /* Utilities */,
				1F1B747428A56D2D0099E29D /* Assets.xcassets */,
			);
			path = Sources;
			sourceTree = "<group>";
		};
		1FACE237287791C4009BC6A0 /* Tests */ = {
			isa = PBXGroup;
			children = (
				FA0FD6B828AB0A06000C8111 /* common */,
			);
			path = Tests;
			sourceTree = "<group>";
		};
		1FACE246287888E8009BC6A0 /* Frameworks */ = {
			isa = PBXGroup;
			children = (
				FA4BB36428AB0FD200FA68FC /* AzureCommunicationUIChat.framework */,
				FA4BB36228AB0FD000FA68FC /* AzureCommunicationUICalling.framework */,
				FA021B3B28821FED00CEDD02 /* AzureCommunicationUIChat.framework */,
				FA021B3728821FEA00CEDD02 /* AzureCommunicationUICalling.framework */,
				FAC7469E2880EDAA00AA479A /* Pods_AzureCommunicationUICalling.framework */,
				1FACE24B287888ED009BC6A0 /* AzureCommunicationUIChat.framework */,
				1FACE247287888E8009BC6A0 /* AzureCommunicationUICalling.framework */,
				BFFC3214285C95D7A9ED878C /* Pods_AzureCommunicationUICallWithChat.framework */,
				DB11D12E5FBB40A4F17D9225 /* Pods_AzureCommunicationUICallWithChat_AzureCommunicationUICallWithChatTests.framework */,
			);
			name = Frameworks;
			sourceTree = "<group>";
		};
		DEB3C711948F355C8EF2E8E0 /* Pods */ = {
			isa = PBXGroup;
			children = (
				0D41959CA5935F0B13AEAFF0 /* Pods-AzureCommunicationUICallWithChat.debug.xcconfig */,
				0B2BEA7534910EDF3FFC49F9 /* Pods-AzureCommunicationUICallWithChat.release.xcconfig */,
				5E64CE57F00968883F24C9FE /* Pods-AzureCommunicationUICallWithChat-AzureCommunicationUICallWithChatTests.debug.xcconfig */,
				5A8E33D67EC3238877C16932 /* Pods-AzureCommunicationUICallWithChat-AzureCommunicationUICallWithChatTests.release.xcconfig */,
			);
			name = Pods;
			path = ../../Pods;
			sourceTree = "<group>";
		};
		FA021B292882185400CEDD02 /* Utilities */ = {
			isa = PBXGroup;
			children = (
				FA021B2A2882187300CEDD02 /* LocalOptionsExtension.swift */,
			);
			path = Utilities;
			sourceTree = "<group>";
		};
		FA0FD66D28AB09ED000C8111 /* common */ = {
			isa = PBXGroup;
			children = (
				FA815A0A28AB0B900080CCFB /* Chat */,
				FA0FD69628AB09ED000C8111 /* Core */,
				FA021B2A2882187300CEDD02 /* CompositesOptionsExtension.swift */,
			);
			name = common;
			path = ../../common;
			sourceTree = "<group>";
		};
		FA0FD69628AB09ED000C8111 /* Core */ = {
			isa = PBXGroup;
			children = (
				FA0FD69A28AB09ED000C8111 /* Sources */,
			);
			path = Core;
			sourceTree = "<group>";
		};
		FA0FD69A28AB09ED000C8111 /* Sources */ = {
			isa = PBXGroup;
			children = (
				FA0FD69B28AB09ED000C8111 /* CompositeOptions */,
			);
			path = Sources;
			sourceTree = "<group>";
		};
		FA0FD69B28AB09ED000C8111 /* CompositeOptions */ = {
			isa = PBXGroup;
			children = (
				FA0FD69C28AB09ED000C8111 /* ThemeOptions.swift */,
			);
			path = CompositeOptions;
			sourceTree = "<group>";
		};
		FA0FD6B828AB0A06000C8111 /* common */ = {
			isa = PBXGroup;
			children = (
				FA0FD6E128AB0A06000C8111 /* Core */,
			);
			name = common;
			path = ../../common;
			sourceTree = "<group>";
		};
		FA0FD6E128AB0A06000C8111 /* Core */ = {
			isa = PBXGroup;
			children = (
				FA0FD6E228AB0A06000C8111 /* Tests */,
			);
			path = Core;
			sourceTree = "<group>";
		};
		FA0FD6E228AB0A06000C8111 /* Tests */ = {
			isa = PBXGroup;
			children = (
				FA0FD6E328AB0A06000C8111 /* CompositeOptions */,
			);
			path = Tests;
			sourceTree = "<group>";
		};
		FA0FD6E328AB0A06000C8111 /* CompositeOptions */ = {
			isa = PBXGroup;
			children = (
				FA0FD6E428AB0A06000C8111 /* DiagnosticConfigTests.swift */,
			);
			path = CompositeOptions;
			sourceTree = "<group>";
		};
		FA815A0A28AB0B900080CCFB /* Chat */ = {
			isa = PBXGroup;
			children = (
				FA815A0B28AB0B900080CCFB /* Sources */,
			);
			path = Chat;
			sourceTree = "<group>";
		};
		FA815A0B28AB0B900080CCFB /* Sources */ = {
			isa = PBXGroup;
			children = (
				FA815A0C28AB0B900080CCFB /* CompositeOptions */,
			);
			path = Sources;
			sourceTree = "<group>";
		};
		FA815A0C28AB0B900080CCFB /* CompositeOptions */ = {
			isa = PBXGroup;
			children = (
				FA815A0D28AB0B900080CCFB /* LocalOptions.swift */,
			);
			path = CompositeOptions;
			sourceTree = "<group>";
		};
		FAC746912880E16000AA479A /* CallWithChatCompositeOptions */ = {
			isa = PBXGroup;
			children = (
				FA021B2E2882192600CEDD02 /* DiagnosticConfig.swift */,
				FA021B252882161800CEDD02 /* LocalizationOptions.swift */,
				FAA57BD92881ED4400E63991 /* CallWithChatCompositeError.swift */,
				FAC746932880E1AA00AA479A /* RemoteOptions.swift */,
				FAC746962880E1AA00AA479A /* SetParticipantViewDataError.swift */,
				FAFE1B70287E3544004913A1 /* CallWithChatCompositeOptions.swift */,
			);
			path = CallWithChatCompositeOptions;
			sourceTree = "<group>";
		};
/* End PBXGroup section */

/* Begin PBXHeadersBuildPhase section */
		1FACE2152877915F009BC6A0 /* Headers */ = {
			isa = PBXHeadersBuildPhase;
			buildActionMask = 2147483647;
			files = (
			);
			runOnlyForDeploymentPostprocessing = 0;
		};
/* End PBXHeadersBuildPhase section */

/* Begin PBXNativeTarget section */
		1FACE2192877915F009BC6A0 /* AzureCommunicationUICallWithChat */ = {
			isa = PBXNativeTarget;
			buildConfigurationList = 1FACE22E28779160009BC6A0 /* Build configuration list for PBXNativeTarget "AzureCommunicationUICallWithChat" */;
			buildPhases = (
				735CB0FD5EA6682DA3B159CF /* [CP] Check Pods Manifest.lock */,
				1FACE2152877915F009BC6A0 /* Headers */,
				FA1ACE3F28822923000F9D5E /* Run SwiftLint */,
				1FACE2162877915F009BC6A0 /* Sources */,
				1FACE2172877915F009BC6A0 /* Frameworks */,
				1FACE2182877915F009BC6A0 /* Resources */,
				FAFD931228AB170300D2AC89 /* Embed Frameworks */,
			);
			buildRules = (
			);
			dependencies = (
			);
			name = AzureCommunicationUICallWithChat;
			productName = AzureCommunicationUICallWithChat;
			productReference = 1FACE21A2877915F009BC6A0 /* AzureCommunicationUICallWithChat.framework */;
			productType = "com.apple.product-type.framework";
		};
		1FACE22328779160009BC6A0 /* AzureCommunicationUICallWithChatTests */ = {
			isa = PBXNativeTarget;
			buildConfigurationList = 1FACE23128779160009BC6A0 /* Build configuration list for PBXNativeTarget "AzureCommunicationUICallWithChatTests" */;
			buildPhases = (
				0F168F2884DA28763E36AF1D /* [CP] Check Pods Manifest.lock */,
				FA1ACE402882299B000F9D5E /* Run SwiftLint */,
				1FACE22028779160009BC6A0 /* Sources */,
				1FACE22128779160009BC6A0 /* Frameworks */,
				1FACE22228779160009BC6A0 /* Resources */,
				65290FDA494C9428051777E0 /* [CP] Embed Pods Frameworks */,
			);
			buildRules = (
			);
			dependencies = (
				1FACE22728779160009BC6A0 /* PBXTargetDependency */,
			);
			name = AzureCommunicationUICallWithChatTests;
			productName = AzureCommunicationUICallWithChatTests;
			productReference = 1FACE22428779160009BC6A0 /* AzureCommunicationUICallWithChatTests.xctest */;
			productType = "com.apple.product-type.bundle.unit-test";
		};
/* End PBXNativeTarget section */

/* Begin PBXProject section */
		1FACE2112877915F009BC6A0 /* Project object */ = {
			isa = PBXProject;
			attributes = {
				BuildIndependentTargetsInParallel = 1;
				LastSwiftUpdateCheck = 1340;
				LastUpgradeCheck = 1340;
				TargetAttributes = {
					1FACE2192877915F009BC6A0 = {
						CreatedOnToolsVersion = 13.4.1;
						LastSwiftMigration = 1340;
					};
					1FACE22328779160009BC6A0 = {
						CreatedOnToolsVersion = 13.4.1;
					};
				};
			};
			buildConfigurationList = 1FACE2142877915F009BC6A0 /* Build configuration list for PBXProject "AzureCommunicationUICallWithChat" */;
			compatibilityVersion = "Xcode 13.0";
			developmentRegion = en;
			hasScannedForEncodings = 0;
			knownRegions = (
				en,
				Base,
			);
			mainGroup = 1FACE2102877915F009BC6A0;
			productRefGroup = 1FACE21B2877915F009BC6A0 /* Products */;
			projectDirPath = "";
			projectRoot = "";
			targets = (
				1FACE2192877915F009BC6A0 /* AzureCommunicationUICallWithChat */,
				1FACE22328779160009BC6A0 /* AzureCommunicationUICallWithChatTests */,
			);
		};
/* End PBXProject section */

/* Begin PBXResourcesBuildPhase section */
		1FACE2182877915F009BC6A0 /* Resources */ = {
			isa = PBXResourcesBuildPhase;
			buildActionMask = 2147483647;
			files = (
				1F1B747528A56D2D0099E29D /* Assets.xcassets in Resources */,
			);
			runOnlyForDeploymentPostprocessing = 0;
		};
		1FACE22228779160009BC6A0 /* Resources */ = {
			isa = PBXResourcesBuildPhase;
			buildActionMask = 2147483647;
			files = (
			);
			runOnlyForDeploymentPostprocessing = 0;
		};
/* End PBXResourcesBuildPhase section */

/* Begin PBXShellScriptBuildPhase section */
		0F168F2884DA28763E36AF1D /* [CP] Check Pods Manifest.lock */ = {
			isa = PBXShellScriptBuildPhase;
			buildActionMask = 2147483647;
			files = (
			);
			inputFileListPaths = (
			);
			inputPaths = (
				"${PODS_PODFILE_DIR_PATH}/Podfile.lock",
				"${PODS_ROOT}/Manifest.lock",
			);
			name = "[CP] Check Pods Manifest.lock";
			outputFileListPaths = (
			);
			outputPaths = (
				"$(DERIVED_FILE_DIR)/Pods-AzureCommunicationUICallWithChat-AzureCommunicationUICallWithChatTests-checkManifestLockResult.txt",
			);
			runOnlyForDeploymentPostprocessing = 0;
			shellPath = /bin/sh;
			shellScript = "diff \"${PODS_PODFILE_DIR_PATH}/Podfile.lock\" \"${PODS_ROOT}/Manifest.lock\" > /dev/null\nif [ $? != 0 ] ; then\n    # print error to STDERR\n    echo \"error: The sandbox is not in sync with the Podfile.lock. Run 'pod install' or update your CocoaPods installation.\" >&2\n    exit 1\nfi\n# This output is used by Xcode 'outputs' to avoid re-running this script phase.\necho \"SUCCESS\" > \"${SCRIPT_OUTPUT_FILE_0}\"\n";
			showEnvVarsInLog = 0;
		};
		65290FDA494C9428051777E0 /* [CP] Embed Pods Frameworks */ = {
			isa = PBXShellScriptBuildPhase;
			buildActionMask = 2147483647;
			files = (
			);
			inputFileListPaths = (
				"${PODS_ROOT}/Target Support Files/Pods-AzureCommunicationUICallWithChat-AzureCommunicationUICallWithChatTests/Pods-AzureCommunicationUICallWithChat-AzureCommunicationUICallWithChatTests-frameworks-${CONFIGURATION}-input-files.xcfilelist",
			);
			name = "[CP] Embed Pods Frameworks";
			outputFileListPaths = (
				"${PODS_ROOT}/Target Support Files/Pods-AzureCommunicationUICallWithChat-AzureCommunicationUICallWithChatTests/Pods-AzureCommunicationUICallWithChat-AzureCommunicationUICallWithChatTests-frameworks-${CONFIGURATION}-output-files.xcfilelist",
			);
			runOnlyForDeploymentPostprocessing = 0;
			shellPath = /bin/sh;
			shellScript = "\"${PODS_ROOT}/Target Support Files/Pods-AzureCommunicationUICallWithChat-AzureCommunicationUICallWithChatTests/Pods-AzureCommunicationUICallWithChat-AzureCommunicationUICallWithChatTests-frameworks.sh\"\n";
			showEnvVarsInLog = 0;
		};
		735CB0FD5EA6682DA3B159CF /* [CP] Check Pods Manifest.lock */ = {
			isa = PBXShellScriptBuildPhase;
			buildActionMask = 2147483647;
			files = (
			);
			inputFileListPaths = (
			);
			inputPaths = (
				"${PODS_PODFILE_DIR_PATH}/Podfile.lock",
				"${PODS_ROOT}/Manifest.lock",
			);
			name = "[CP] Check Pods Manifest.lock";
			outputFileListPaths = (
			);
			outputPaths = (
				"$(DERIVED_FILE_DIR)/Pods-AzureCommunicationUICallWithChat-checkManifestLockResult.txt",
			);
			runOnlyForDeploymentPostprocessing = 0;
			shellPath = /bin/sh;
			shellScript = "diff \"${PODS_PODFILE_DIR_PATH}/Podfile.lock\" \"${PODS_ROOT}/Manifest.lock\" > /dev/null\nif [ $? != 0 ] ; then\n    # print error to STDERR\n    echo \"error: The sandbox is not in sync with the Podfile.lock. Run 'pod install' or update your CocoaPods installation.\" >&2\n    exit 1\nfi\n# This output is used by Xcode 'outputs' to avoid re-running this script phase.\necho \"SUCCESS\" > \"${SCRIPT_OUTPUT_FILE_0}\"\n";
			showEnvVarsInLog = 0;
		};
		FA1ACE3F28822923000F9D5E /* Run SwiftLint */ = {
			isa = PBXShellScriptBuildPhase;
			buildActionMask = 2147483647;
			files = (
			);
			inputFileListPaths = (
			);
			inputPaths = (
			);
			name = "Run SwiftLint";
			outputFileListPaths = (
			);
			outputPaths = (
			);
			runOnlyForDeploymentPostprocessing = 0;
			shellPath = /bin/sh;
			shellScript = "if [ -f \"${PODS_ROOT}/SwiftLint/swiftlint\" ]; then\n\n    ${PODS_ROOT}/SwiftLint/swiftlint lint Sources ../common/CallingAndChat/Sources ../common/Core/Sources --strict --config ../../.swiftlint.yml\n    \nelse \n       echo \"warning: SwiftLint not installed in Pods!\"\nfi\n";
		};
		FA1ACE402882299B000F9D5E /* Run SwiftLint */ = {
			isa = PBXShellScriptBuildPhase;
			buildActionMask = 2147483647;
			files = (
			);
			inputFileListPaths = (
			);
			inputPaths = (
			);
			name = "Run SwiftLint";
			outputFileListPaths = (
			);
			outputPaths = (
			);
			runOnlyForDeploymentPostprocessing = 0;
			shellPath = /bin/sh;
			shellScript = "${PODS_ROOT}/SwiftLint/swiftlint lint Tests ../common/Core/Tests --strict --config ../../.swiftlint-tests.yml \n";
		};
/* End PBXShellScriptBuildPhase section */

/* Begin PBXSourcesBuildPhase section */
		1FACE2162877915F009BC6A0 /* Sources */ = {
			isa = PBXSourcesBuildPhase;
			buildActionMask = 2147483647;
			files = (
				FA815A0E28AB0B900080CCFB /* LocalOptions.swift in Sources */,
				FA021B2F2882192600CEDD02 /* DiagnosticConfig.swift in Sources */,
				FAA57BDA2881ED4400E63991 /* CallWithChatCompositeError.swift in Sources */,
				FAFE1B71287E3544004913A1 /* CallWithChatCompositeOptions.swift in Sources */,
				1FACE24F2878C53E009BC6A0 /* CallWithChatComposite.swift in Sources */,
				FAC746992880E1AB00AA479A /* RemoteOptions.swift in Sources */,
				FA0FD6B628AB09ED000C8111 /* ThemeOptions.swift in Sources */,
				FA021B2B2882187300CEDD02 /* LocalOptionsExtension.swift in Sources */,
				FA021B2B2882187300CEDD02 /* CompositesOptionsExtension.swift in Sources */,
				FA021B262882161800CEDD02 /* LocalizationOptions.swift in Sources */,
				FAC7469C2880E1AB00AA479A /* SetParticipantViewDataError.swift in Sources */,
			);
			runOnlyForDeploymentPostprocessing = 0;
		};
		1FACE22028779160009BC6A0 /* Sources */ = {
			isa = PBXSourcesBuildPhase;
			buildActionMask = 2147483647;
			files = (
				FA0FD70028AB0A06000C8111 /* DiagnosticConfigTests.swift in Sources */,
			);
			runOnlyForDeploymentPostprocessing = 0;
		};
/* End PBXSourcesBuildPhase section */

/* Begin PBXTargetDependency section */
		1FACE22728779160009BC6A0 /* PBXTargetDependency */ = {
			isa = PBXTargetDependency;
			target = 1FACE2192877915F009BC6A0 /* AzureCommunicationUICallWithChat */;
			targetProxy = 1FACE22628779160009BC6A0 /* PBXContainerItemProxy */;
		};
/* End PBXTargetDependency section */

/* Begin XCBuildConfiguration section */
		1FACE22C28779160009BC6A0 /* Debug */ = {
			isa = XCBuildConfiguration;
			buildSettings = {
				ALWAYS_SEARCH_USER_PATHS = NO;
				CLANG_ANALYZER_NONNULL = YES;
				CLANG_ANALYZER_NUMBER_OBJECT_CONVERSION = YES_AGGRESSIVE;
				CLANG_CXX_LANGUAGE_STANDARD = "gnu++17";
				CLANG_ENABLE_MODULES = YES;
				CLANG_ENABLE_OBJC_ARC = YES;
				CLANG_ENABLE_OBJC_WEAK = YES;
				CLANG_WARN_BLOCK_CAPTURE_AUTORELEASING = YES;
				CLANG_WARN_BOOL_CONVERSION = YES;
				CLANG_WARN_COMMA = YES;
				CLANG_WARN_CONSTANT_CONVERSION = YES;
				CLANG_WARN_DEPRECATED_OBJC_IMPLEMENTATIONS = YES;
				CLANG_WARN_DIRECT_OBJC_ISA_USAGE = YES_ERROR;
				CLANG_WARN_DOCUMENTATION_COMMENTS = YES;
				CLANG_WARN_EMPTY_BODY = YES;
				CLANG_WARN_ENUM_CONVERSION = YES;
				CLANG_WARN_INFINITE_RECURSION = YES;
				CLANG_WARN_INT_CONVERSION = YES;
				CLANG_WARN_NON_LITERAL_NULL_CONVERSION = YES;
				CLANG_WARN_OBJC_IMPLICIT_RETAIN_SELF = YES;
				CLANG_WARN_OBJC_LITERAL_CONVERSION = YES;
				CLANG_WARN_OBJC_ROOT_CLASS = YES_ERROR;
				CLANG_WARN_QUOTED_INCLUDE_IN_FRAMEWORK_HEADER = YES;
				CLANG_WARN_RANGE_LOOP_ANALYSIS = YES;
				CLANG_WARN_STRICT_PROTOTYPES = YES;
				CLANG_WARN_SUSPICIOUS_MOVE = YES;
				CLANG_WARN_UNGUARDED_AVAILABILITY = YES_AGGRESSIVE;
				CLANG_WARN_UNREACHABLE_CODE = YES;
				CLANG_WARN__DUPLICATE_METHOD_MATCH = YES;
				COPY_PHASE_STRIP = NO;
				CURRENT_PROJECT_VERSION = 1;
				DEBUG_INFORMATION_FORMAT = dwarf;
				ENABLE_STRICT_OBJC_MSGSEND = YES;
				ENABLE_TESTABILITY = YES;
				GCC_C_LANGUAGE_STANDARD = gnu11;
				GCC_DYNAMIC_NO_PIC = NO;
				GCC_NO_COMMON_BLOCKS = YES;
				GCC_OPTIMIZATION_LEVEL = 0;
				GCC_PREPROCESSOR_DEFINITIONS = (
					"DEBUG=1",
					"$(inherited)",
				);
				GCC_WARN_64_TO_32_BIT_CONVERSION = YES;
				GCC_WARN_ABOUT_RETURN_TYPE = YES_ERROR;
				GCC_WARN_UNDECLARED_SELECTOR = YES;
				GCC_WARN_UNINITIALIZED_AUTOS = YES_AGGRESSIVE;
				GCC_WARN_UNUSED_FUNCTION = YES;
				GCC_WARN_UNUSED_VARIABLE = YES;
				IPHONEOS_DEPLOYMENT_TARGET = 15.5;
				MTL_ENABLE_DEBUG_INFO = INCLUDE_SOURCE;
				MTL_FAST_MATH = YES;
				ONLY_ACTIVE_ARCH = YES;
				SDKROOT = iphoneos;
				SWIFT_ACTIVE_COMPILATION_CONDITIONS = DEBUG;
				SWIFT_OPTIMIZATION_LEVEL = "-Onone";
				VERSIONING_SYSTEM = "apple-generic";
				VERSION_INFO_PREFIX = "";
			};
			name = Debug;
		};
		1FACE22D28779160009BC6A0 /* Release */ = {
			isa = XCBuildConfiguration;
			buildSettings = {
				ALWAYS_SEARCH_USER_PATHS = NO;
				CLANG_ANALYZER_NONNULL = YES;
				CLANG_ANALYZER_NUMBER_OBJECT_CONVERSION = YES_AGGRESSIVE;
				CLANG_CXX_LANGUAGE_STANDARD = "gnu++17";
				CLANG_ENABLE_MODULES = YES;
				CLANG_ENABLE_OBJC_ARC = YES;
				CLANG_ENABLE_OBJC_WEAK = YES;
				CLANG_WARN_BLOCK_CAPTURE_AUTORELEASING = YES;
				CLANG_WARN_BOOL_CONVERSION = YES;
				CLANG_WARN_COMMA = YES;
				CLANG_WARN_CONSTANT_CONVERSION = YES;
				CLANG_WARN_DEPRECATED_OBJC_IMPLEMENTATIONS = YES;
				CLANG_WARN_DIRECT_OBJC_ISA_USAGE = YES_ERROR;
				CLANG_WARN_DOCUMENTATION_COMMENTS = YES;
				CLANG_WARN_EMPTY_BODY = YES;
				CLANG_WARN_ENUM_CONVERSION = YES;
				CLANG_WARN_INFINITE_RECURSION = YES;
				CLANG_WARN_INT_CONVERSION = YES;
				CLANG_WARN_NON_LITERAL_NULL_CONVERSION = YES;
				CLANG_WARN_OBJC_IMPLICIT_RETAIN_SELF = YES;
				CLANG_WARN_OBJC_LITERAL_CONVERSION = YES;
				CLANG_WARN_OBJC_ROOT_CLASS = YES_ERROR;
				CLANG_WARN_QUOTED_INCLUDE_IN_FRAMEWORK_HEADER = YES;
				CLANG_WARN_RANGE_LOOP_ANALYSIS = YES;
				CLANG_WARN_STRICT_PROTOTYPES = YES;
				CLANG_WARN_SUSPICIOUS_MOVE = YES;
				CLANG_WARN_UNGUARDED_AVAILABILITY = YES_AGGRESSIVE;
				CLANG_WARN_UNREACHABLE_CODE = YES;
				CLANG_WARN__DUPLICATE_METHOD_MATCH = YES;
				COPY_PHASE_STRIP = NO;
				CURRENT_PROJECT_VERSION = 1;
				DEBUG_INFORMATION_FORMAT = "dwarf-with-dsym";
				ENABLE_NS_ASSERTIONS = NO;
				ENABLE_STRICT_OBJC_MSGSEND = YES;
				GCC_C_LANGUAGE_STANDARD = gnu11;
				GCC_NO_COMMON_BLOCKS = YES;
				GCC_WARN_64_TO_32_BIT_CONVERSION = YES;
				GCC_WARN_ABOUT_RETURN_TYPE = YES_ERROR;
				GCC_WARN_UNDECLARED_SELECTOR = YES;
				GCC_WARN_UNINITIALIZED_AUTOS = YES_AGGRESSIVE;
				GCC_WARN_UNUSED_FUNCTION = YES;
				GCC_WARN_UNUSED_VARIABLE = YES;
				IPHONEOS_DEPLOYMENT_TARGET = 15.5;
				MTL_ENABLE_DEBUG_INFO = NO;
				MTL_FAST_MATH = YES;
				SDKROOT = iphoneos;
				SWIFT_COMPILATION_MODE = wholemodule;
				SWIFT_OPTIMIZATION_LEVEL = "-O";
				VALIDATE_PRODUCT = YES;
				VERSIONING_SYSTEM = "apple-generic";
				VERSION_INFO_PREFIX = "";
			};
			name = Release;
		};
		1FACE22F28779160009BC6A0 /* Debug */ = {
			isa = XCBuildConfiguration;
			baseConfigurationReference = 0D41959CA5935F0B13AEAFF0 /* Pods-AzureCommunicationUICallWithChat.debug.xcconfig */;
			buildSettings = {
				BUILD_LIBRARY_FOR_DISTRIBUTION = YES;
				CLANG_ENABLE_MODULES = YES;
				CODE_SIGN_STYLE = Automatic;
				CURRENT_PROJECT_VERSION = 1;
				DEFINES_MODULE = YES;
				DEVELOPMENT_TEAM = UBF8T346G9;
				DYLIB_COMPATIBILITY_VERSION = 1;
				DYLIB_CURRENT_VERSION = 1;
				DYLIB_INSTALL_NAME_BASE = "@rpath";
				ENABLE_BITCODE = NO;
				GENERATE_INFOPLIST_FILE = YES;
				INFOPLIST_KEY_NSHumanReadableCopyright = "";
				INSTALL_PATH = "$(LOCAL_LIBRARY_DIR)/Frameworks";
				IPHONEOS_DEPLOYMENT_TARGET = 14.0;
				LD_RUNPATH_SEARCH_PATHS = (
					"$(inherited)",
					"@executable_path/Frameworks",
					"@loader_path/Frameworks",
				);
				MARKETING_VERSION = 1.0;
				PRODUCT_BUNDLE_IDENTIFIER = com.azure.ios.communication.ui.CallWithChat;
				PRODUCT_NAME = "$(TARGET_NAME:c99extidentifier)";
				SKIP_INSTALL = YES;
				SUPPORTS_MACCATALYST = NO;
				SWIFT_EMIT_LOC_STRINGS = YES;
				SWIFT_OPTIMIZATION_LEVEL = "-Onone";
				SWIFT_VERSION = 5.0;
				TARGETED_DEVICE_FAMILY = "1,2";
			};
			name = Debug;
		};
		1FACE23028779160009BC6A0 /* Release */ = {
			isa = XCBuildConfiguration;
			baseConfigurationReference = 0B2BEA7534910EDF3FFC49F9 /* Pods-AzureCommunicationUICallWithChat.release.xcconfig */;
			buildSettings = {
				BUILD_LIBRARY_FOR_DISTRIBUTION = YES;
				CLANG_ENABLE_MODULES = YES;
				CODE_SIGN_STYLE = Automatic;
				CURRENT_PROJECT_VERSION = 1;
				DEFINES_MODULE = YES;
				DEVELOPMENT_TEAM = UBF8T346G9;
				DYLIB_COMPATIBILITY_VERSION = 1;
				DYLIB_CURRENT_VERSION = 1;
				DYLIB_INSTALL_NAME_BASE = "@rpath";
				ENABLE_BITCODE = NO;
				GENERATE_INFOPLIST_FILE = YES;
				INFOPLIST_KEY_NSHumanReadableCopyright = "";
				INSTALL_PATH = "$(LOCAL_LIBRARY_DIR)/Frameworks";
				IPHONEOS_DEPLOYMENT_TARGET = 14.0;
				LD_RUNPATH_SEARCH_PATHS = (
					"$(inherited)",
					"@executable_path/Frameworks",
					"@loader_path/Frameworks",
				);
				MARKETING_VERSION = 1.0;
				PRODUCT_BUNDLE_IDENTIFIER = com.azure.ios.communication.ui.CallWithChat;
				PRODUCT_NAME = "$(TARGET_NAME:c99extidentifier)";
				SKIP_INSTALL = YES;
				SUPPORTS_MACCATALYST = NO;
				SWIFT_EMIT_LOC_STRINGS = YES;
				SWIFT_VERSION = 5.0;
				TARGETED_DEVICE_FAMILY = "1,2";
			};
			name = Release;
		};
		1FACE23228779160009BC6A0 /* Debug */ = {
			isa = XCBuildConfiguration;
			baseConfigurationReference = 5E64CE57F00968883F24C9FE /* Pods-AzureCommunicationUICallWithChat-AzureCommunicationUICallWithChatTests.debug.xcconfig */;
			buildSettings = {
				ALWAYS_EMBED_SWIFT_STANDARD_LIBRARIES = YES;
				BUILD_LIBRARY_FOR_DISTRIBUTION = YES;
				CODE_SIGN_STYLE = Automatic;
				CURRENT_PROJECT_VERSION = 1;
				DEVELOPMENT_TEAM = UBF8T346G9;
				GENERATE_INFOPLIST_FILE = YES;
				MARKETING_VERSION = 1.0;
				PRODUCT_BUNDLE_IDENTIFIER = com.azure.sample.mobileUI.AzureCommunicationUICallWithChatTests;
				PRODUCT_NAME = "$(TARGET_NAME)";
				SWIFT_EMIT_LOC_STRINGS = NO;
				SWIFT_VERSION = 5.0;
				TARGETED_DEVICE_FAMILY = "1,2";
			};
			name = Debug;
		};
		1FACE23328779160009BC6A0 /* Release */ = {
			isa = XCBuildConfiguration;
			baseConfigurationReference = 5A8E33D67EC3238877C16932 /* Pods-AzureCommunicationUICallWithChat-AzureCommunicationUICallWithChatTests.release.xcconfig */;
			buildSettings = {
				ALWAYS_EMBED_SWIFT_STANDARD_LIBRARIES = YES;
				BUILD_LIBRARY_FOR_DISTRIBUTION = YES;
				CODE_SIGN_STYLE = Automatic;
				CURRENT_PROJECT_VERSION = 1;
				DEVELOPMENT_TEAM = UBF8T346G9;
				GENERATE_INFOPLIST_FILE = YES;
				MARKETING_VERSION = 1.0;
				PRODUCT_BUNDLE_IDENTIFIER = com.azure.sample.mobileUI.AzureCommunicationUICallWithChatTests;
				PRODUCT_NAME = "$(TARGET_NAME)";
				SWIFT_EMIT_LOC_STRINGS = NO;
				SWIFT_VERSION = 5.0;
				TARGETED_DEVICE_FAMILY = "1,2";
			};
			name = Release;
		};
/* End XCBuildConfiguration section */

/* Begin XCConfigurationList section */
		1FACE2142877915F009BC6A0 /* Build configuration list for PBXProject "AzureCommunicationUICallWithChat" */ = {
			isa = XCConfigurationList;
			buildConfigurations = (
				1FACE22C28779160009BC6A0 /* Debug */,
				1FACE22D28779160009BC6A0 /* Release */,
			);
			defaultConfigurationIsVisible = 0;
			defaultConfigurationName = Release;
		};
		1FACE22E28779160009BC6A0 /* Build configuration list for PBXNativeTarget "AzureCommunicationUICallWithChat" */ = {
			isa = XCConfigurationList;
			buildConfigurations = (
				1FACE22F28779160009BC6A0 /* Debug */,
				1FACE23028779160009BC6A0 /* Release */,
			);
			defaultConfigurationIsVisible = 0;
			defaultConfigurationName = Release;
		};
		1FACE23128779160009BC6A0 /* Build configuration list for PBXNativeTarget "AzureCommunicationUICallWithChatTests" */ = {
			isa = XCConfigurationList;
			buildConfigurations = (
				1FACE23228779160009BC6A0 /* Debug */,
				1FACE23328779160009BC6A0 /* Release */,
			);
			defaultConfigurationIsVisible = 0;
			defaultConfigurationName = Release;
		};
/* End XCConfigurationList section */
	};
	rootObject = 1FACE2112877915F009BC6A0 /* Project object */;
}
