// !$*UTF8*$!
{
	archiveVersion = 1;
	classes = {
	};
	objectVersion = 55;
	objects = {

/* Begin PBXBuildFile section */
		1B0D8DC627F3B1B800F0C47A /* AzureCommunicationUIDemoAppCallTests.swift in Sources */ = {isa = PBXBuildFile; fileRef = 1B0D8DC527F3B1B800F0C47A /* AzureCommunicationUIDemoAppCallTests.swift */; };
		1B3E3B4F285A8F690010E24E /* AzureCommunicationUIDemoAppSetupViewTests.swift in Sources */ = {isa = PBXBuildFile; fileRef = 1B3E3B4E285A8F690010E24E /* AzureCommunicationUIDemoAppSetupViewTests.swift */; };
		1F18191727B39F36006AF3B3 /* XCUITestBase.swift in Sources */ = {isa = PBXBuildFile; fileRef = 1F18191627B39F36006AF3B3 /* XCUITestBase.swift */; };
		1F18191A27B45050006AF3B3 /* XCUIElementExtension.swift in Sources */ = {isa = PBXBuildFile; fileRef = 1F18191927B45050006AF3B3 /* XCUIElementExtension.swift */; };
		1F8881BD27909E08001427F0 /* AzureCommunicationUIDemoAppLaunchTests.swift in Sources */ = {isa = PBXBuildFile; fileRef = 1F8881BC27909E08001427F0 /* AzureCommunicationUIDemoAppLaunchTests.swift */; };
		1F8881CA2798D5E7001427F0 /* TextFieldClearButton.swift in Sources */ = {isa = PBXBuildFile; fileRef = 1F8881C92798D5E7001427F0 /* TextFieldClearButton.swift */; };
		1F8881CD279B456E001427F0 /* Extension.swift in Sources */ = {isa = PBXBuildFile; fileRef = 1F8881CC279B456E001427F0 /* Extension.swift */; };
		3507F9550C99D777E493AA92 /* Pods_AzureCommunicationUIDemoApp.framework in Frameworks */ = {isa = PBXBuildFile; fileRef = 747FFD0380FFBF53EC331032 /* Pods_AzureCommunicationUIDemoApp.framework */; };
		5027C1C62821A07500DC7131 /* AccessibilityId.swift in Sources */ = {isa = PBXBuildFile; fileRef = 5027C1C52821A07500DC7131 /* AccessibilityId.swift */; };
		5027C1C72821A55E00DC7131 /* AccessibilityId.swift in Sources */ = {isa = PBXBuildFile; fileRef = 5027C1C52821A07500DC7131 /* AccessibilityId.swift */; };
		5075FEA127FFA8C200136B34 /* Localizable.strings in Resources */ = {isa = PBXBuildFile; fileRef = 5075FEA327FFA8C200136B34 /* Localizable.strings */; };
		50B390CF27D2996E0010A2ED /* SettingsView.swift in Sources */ = {isa = PBXBuildFile; fileRef = 50B390CE27D2996E0010A2ED /* SettingsView.swift */; };
		8926B039F67555DE4F89893B /* Pods_AzureCommunicationUIDemoApp_AzureCommunicationUIDemoAppUITests.framework in Frameworks */ = {isa = PBXBuildFile; fileRef = 026F091CB7F97EBA5A39610B /* Pods_AzureCommunicationUIDemoApp_AzureCommunicationUIDemoAppUITests.framework */; };
		A85DDCB12728B12D001297B4 /* EnvConfig.swift in Sources */ = {isa = PBXBuildFile; fileRef = A85DDCAF2728B12D001297B4 /* EnvConfig.swift */; };
		A85DDCB32728B140001297B4 /* ThemeOptions.swift in Sources */ = {isa = PBXBuildFile; fileRef = A85DDCB22728B140001297B4 /* ThemeOptions.swift */; };
		A85DDCB82728B23B001297B4 /* UIKitDemoViewController.swift in Sources */ = {isa = PBXBuildFile; fileRef = A85DDCB42728B23A001297B4 /* UIKitDemoViewController.swift */; };
		A85DDCB92728B23B001297B4 /* SwiftUIDemoView.swift in Sources */ = {isa = PBXBuildFile; fileRef = A85DDCB52728B23B001297B4 /* SwiftUIDemoView.swift */; };
		A87CEABC2729ECA600F3AE16 /* EntryViewController.swift in Sources */ = {isa = PBXBuildFile; fileRef = A87CEABB2729ECA600F3AE16 /* EntryViewController.swift */; };
		A8849E532732FFA10049FB1A /* AuthenticationHelper.swift in Sources */ = {isa = PBXBuildFile; fileRef = A8849E522732FFA10049FB1A /* AuthenticationHelper.swift */; };
		A8AC66FE2735A41600632D0B /* CustomControls.swift in Sources */ = {isa = PBXBuildFile; fileRef = A8AC66FD2735A41600632D0B /* CustomControls.swift */; };
		A8C69FB42728AE1A00143DB7 /* AppDelegate.swift in Sources */ = {isa = PBXBuildFile; fileRef = A8C69FB32728AE1A00143DB7 /* AppDelegate.swift */; };
		A8C69FB62728AE1A00143DB7 /* SceneDelegate.swift in Sources */ = {isa = PBXBuildFile; fileRef = A8C69FB52728AE1A00143DB7 /* SceneDelegate.swift */; };
		A8C69FBD2728AE1C00143DB7 /* Assets.xcassets in Resources */ = {isa = PBXBuildFile; fileRef = A8C69FBC2728AE1C00143DB7 /* Assets.xcassets */; };
		A8C69FC02728AE1C00143DB7 /* LaunchScreen.storyboard in Resources */ = {isa = PBXBuildFile; fileRef = A8C69FBE2728AE1C00143DB7 /* LaunchScreen.storyboard */; };
		A8FB819C272A082B00AA0930 /* DemoInputTypes.swift in Sources */ = {isa = PBXBuildFile; fileRef = A8FB819B272A082B00AA0930 /* DemoInputTypes.swift */; };
		FA7B53EC282330F2001DFAB8 /* RemoteParticipantAvatarHelper.swift in Sources */ = {isa = PBXBuildFile; fileRef = FA7B53EB282330F2001DFAB8 /* RemoteParticipantAvatarHelper.swift */; };
		FAA448A0282585F700BD0DC0 /* AzureCommunicationUICalling.framework in Frameworks */ = {isa = PBXBuildFile; fileRef = FAA4489F282585F700BD0DC0 /* AzureCommunicationUICalling.framework */; };
		FAA448A1282585F700BD0DC0 /* AzureCommunicationUICalling.framework in Embed Frameworks */ = {isa = PBXBuildFile; fileRef = FAA4489F282585F700BD0DC0 /* AzureCommunicationUICalling.framework */; settings = {ATTRIBUTES = (CodeSignOnCopy, RemoveHeadersOnCopy, ); }; };
		FACEE494287364F4001D62BE /* AccessibilityIdentifier.swift in Sources */ = {isa = PBXBuildFile; fileRef = FACEE493287364F4001D62BE /* AccessibilityIdentifier.swift */; };
/* End PBXBuildFile section */

/* Begin PBXContainerItemProxy section */
		1F8881C027909E08001427F0 /* PBXContainerItemProxy */ = {
			isa = PBXContainerItemProxy;
			containerPortal = A8C69FA82728AE1A00143DB7 /* Project object */;
			proxyType = 1;
			remoteGlobalIDString = A8C69FAF2728AE1A00143DB7;
			remoteInfo = AzureCommunicationUIDemoApp;
		};
/* End PBXContainerItemProxy section */

/* Begin PBXCopyFilesBuildPhase section */
		FAA448A2282585F700BD0DC0 /* Embed Frameworks */ = {
			isa = PBXCopyFilesBuildPhase;
			buildActionMask = 2147483647;
			dstPath = "";
			dstSubfolderSpec = 10;
			files = (
				FAA448A1282585F700BD0DC0 /* AzureCommunicationUICalling.framework in Embed Frameworks */,
			);
			name = "Embed Frameworks";
			runOnlyForDeploymentPostprocessing = 0;
		};
/* End PBXCopyFilesBuildPhase section */

/* Begin PBXFileReference section */
		026F091CB7F97EBA5A39610B /* Pods_AzureCommunicationUIDemoApp_AzureCommunicationUIDemoAppUITests.framework */ = {isa = PBXFileReference; explicitFileType = wrapper.framework; includeInIndex = 0; path = Pods_AzureCommunicationUIDemoApp_AzureCommunicationUIDemoAppUITests.framework; sourceTree = BUILT_PRODUCTS_DIR; };
		1AA61EC7BE9A4B43EEC5DBCC /* Pods-AzureCommunicationUIDemoApp-AzureCommunicationUIDemoAppUITests.release.xcconfig */ = {isa = PBXFileReference; includeInIndex = 1; lastKnownFileType = text.xcconfig; name = "Pods-AzureCommunicationUIDemoApp-AzureCommunicationUIDemoAppUITests.release.xcconfig"; path = "Target Support Files/Pods-AzureCommunicationUIDemoApp-AzureCommunicationUIDemoAppUITests/Pods-AzureCommunicationUIDemoApp-AzureCommunicationUIDemoAppUITests.release.xcconfig"; sourceTree = "<group>"; };
		1B0D8DC527F3B1B800F0C47A /* AzureCommunicationUIDemoAppCallTests.swift */ = {isa = PBXFileReference; lastKnownFileType = sourcecode.swift; path = AzureCommunicationUIDemoAppCallTests.swift; sourceTree = "<group>"; };
		1B3E3B4E285A8F690010E24E /* AzureCommunicationUIDemoAppSetupViewTests.swift */ = {isa = PBXFileReference; lastKnownFileType = sourcecode.swift; path = AzureCommunicationUIDemoAppSetupViewTests.swift; sourceTree = "<group>"; };
		1F18191627B39F36006AF3B3 /* XCUITestBase.swift */ = {isa = PBXFileReference; lastKnownFileType = sourcecode.swift; path = XCUITestBase.swift; sourceTree = "<group>"; };
		1F18191927B45050006AF3B3 /* XCUIElementExtension.swift */ = {isa = PBXFileReference; fileEncoding = 4; lastKnownFileType = sourcecode.swift; path = XCUIElementExtension.swift; sourceTree = "<group>"; };
		1F8881BA27909E08001427F0 /* AzureCommunicationUIDemoAppUITests.xctest */ = {isa = PBXFileReference; explicitFileType = wrapper.cfbundle; includeInIndex = 0; path = AzureCommunicationUIDemoAppUITests.xctest; sourceTree = BUILT_PRODUCTS_DIR; };
		1F8881BC27909E08001427F0 /* AzureCommunicationUIDemoAppLaunchTests.swift */ = {isa = PBXFileReference; lastKnownFileType = sourcecode.swift; path = AzureCommunicationUIDemoAppLaunchTests.swift; sourceTree = "<group>"; };
		1F8881C92798D5E7001427F0 /* TextFieldClearButton.swift */ = {isa = PBXFileReference; lastKnownFileType = sourcecode.swift; path = TextFieldClearButton.swift; sourceTree = "<group>"; };
		1F8881CC279B456E001427F0 /* Extension.swift */ = {isa = PBXFileReference; lastKnownFileType = sourcecode.swift; path = Extension.swift; sourceTree = "<group>"; };
		1FBA6B1B27B4F61A00FF3835 /* Info.plist */ = {isa = PBXFileReference; lastKnownFileType = text.plist.xml; path = Info.plist; sourceTree = "<group>"; };
		1FEC635827588B5600EA746B /* AppConfig.xcconfig */ = {isa = PBXFileReference; fileEncoding = 4; lastKnownFileType = text.xcconfig; path = AppConfig.xcconfig; sourceTree = "<group>"; };
		2EA3EA0A623669E62A5E601F /* Pods-AzureCommunicationUIDemoApp.release.xcconfig */ = {isa = PBXFileReference; includeInIndex = 1; lastKnownFileType = text.xcconfig; name = "Pods-AzureCommunicationUIDemoApp.release.xcconfig"; path = "Target Support Files/Pods-AzureCommunicationUIDemoApp/Pods-AzureCommunicationUIDemoApp.release.xcconfig"; sourceTree = "<group>"; };
		5027C1C52821A07500DC7131 /* AccessibilityId.swift */ = {isa = PBXFileReference; lastKnownFileType = sourcecode.swift; path = AccessibilityId.swift; sourceTree = "<group>"; };
		5075FE9C27FFA87200136B34 /* fr */ = {isa = PBXFileReference; lastKnownFileType = text.plist.strings; name = fr; path = fr.lproj/LaunchScreen.strings; sourceTree = "<group>"; };
		5075FE9D27FFA87600136B34 /* fr-CA */ = {isa = PBXFileReference; lastKnownFileType = text.plist.strings; name = "fr-CA"; path = "fr-CA.lproj/LaunchScreen.strings"; sourceTree = "<group>"; };
		5075FE9E27FFA87C00136B34 /* zh-Hant */ = {isa = PBXFileReference; lastKnownFileType = text.plist.strings; name = "zh-Hant"; path = "zh-Hant.lproj/LaunchScreen.strings"; sourceTree = "<group>"; };
		5075FEA227FFA8C200136B34 /* en */ = {isa = PBXFileReference; lastKnownFileType = text.plist.strings; name = en; path = en.lproj/Localizable.strings; sourceTree = "<group>"; };
		5075FEA527FFA8C800136B34 /* fr */ = {isa = PBXFileReference; lastKnownFileType = text.plist.strings; name = fr; path = fr.lproj/Localizable.strings; sourceTree = "<group>"; };
		5075FEA627FFA8C900136B34 /* fr-CA */ = {isa = PBXFileReference; lastKnownFileType = text.plist.strings; name = "fr-CA"; path = "fr-CA.lproj/Localizable.strings"; sourceTree = "<group>"; };
		5075FEA727FFA9D700136B34 /* zh-Hant */ = {isa = PBXFileReference; lastKnownFileType = text.plist.strings; name = "zh-Hant"; path = "zh-Hant.lproj/Localizable.strings"; sourceTree = "<group>"; };
		50B390CE27D2996E0010A2ED /* SettingsView.swift */ = {isa = PBXFileReference; lastKnownFileType = sourcecode.swift; path = SettingsView.swift; sourceTree = "<group>"; };
		55177298464F41939884F1C8 /* Pods-AzureCommunicationUIDemoApp.debug.xcconfig */ = {isa = PBXFileReference; includeInIndex = 1; lastKnownFileType = text.xcconfig; name = "Pods-AzureCommunicationUIDemoApp.debug.xcconfig"; path = "Target Support Files/Pods-AzureCommunicationUIDemoApp/Pods-AzureCommunicationUIDemoApp.debug.xcconfig"; sourceTree = "<group>"; };
		645D1D3003E302ECA00BB66C /* Pods-AzureCommunicationUIDemoApp-AzureCommunicationUIDemoAppUITests.debug.xcconfig */ = {isa = PBXFileReference; includeInIndex = 1; lastKnownFileType = text.xcconfig; name = "Pods-AzureCommunicationUIDemoApp-AzureCommunicationUIDemoAppUITests.debug.xcconfig"; path = "Target Support Files/Pods-AzureCommunicationUIDemoApp-AzureCommunicationUIDemoAppUITests/Pods-AzureCommunicationUIDemoApp-AzureCommunicationUIDemoAppUITests.debug.xcconfig"; sourceTree = "<group>"; };
		747FFD0380FFBF53EC331032 /* Pods_AzureCommunicationUIDemoApp.framework */ = {isa = PBXFileReference; explicitFileType = wrapper.framework; includeInIndex = 0; path = Pods_AzureCommunicationUIDemoApp.framework; sourceTree = BUILT_PRODUCTS_DIR; };
		A85DDCAF2728B12D001297B4 /* EnvConfig.swift */ = {isa = PBXFileReference; fileEncoding = 4; lastKnownFileType = sourcecode.swift; path = EnvConfig.swift; sourceTree = "<group>"; };
		A85DDCB22728B140001297B4 /* ThemeOptions.swift */ = {isa = PBXFileReference; lastKnownFileType = sourcecode.swift; path = ThemeOptions.swift; sourceTree = "<group>"; };
		A85DDCB42728B23A001297B4 /* UIKitDemoViewController.swift */ = {isa = PBXFileReference; fileEncoding = 4; lastKnownFileType = sourcecode.swift; path = UIKitDemoViewController.swift; sourceTree = "<group>"; };
		A85DDCB52728B23B001297B4 /* SwiftUIDemoView.swift */ = {isa = PBXFileReference; fileEncoding = 4; lastKnownFileType = sourcecode.swift; path = SwiftUIDemoView.swift; sourceTree = "<group>"; };
		A87CEABB2729ECA600F3AE16 /* EntryViewController.swift */ = {isa = PBXFileReference; lastKnownFileType = sourcecode.swift; path = EntryViewController.swift; sourceTree = "<group>"; };
		A8849E522732FFA10049FB1A /* AuthenticationHelper.swift */ = {isa = PBXFileReference; lastKnownFileType = sourcecode.swift; path = AuthenticationHelper.swift; sourceTree = "<group>"; };
		A8AC66FD2735A41600632D0B /* CustomControls.swift */ = {isa = PBXFileReference; lastKnownFileType = sourcecode.swift; path = CustomControls.swift; sourceTree = "<group>"; };
		A8C69FB02728AE1A00143DB7 /* AzureCommunicationUIDemoApp.app */ = {isa = PBXFileReference; explicitFileType = wrapper.application; includeInIndex = 0; path = AzureCommunicationUIDemoApp.app; sourceTree = BUILT_PRODUCTS_DIR; };
		A8C69FB32728AE1A00143DB7 /* AppDelegate.swift */ = {isa = PBXFileReference; lastKnownFileType = sourcecode.swift; path = AppDelegate.swift; sourceTree = "<group>"; };
		A8C69FB52728AE1A00143DB7 /* SceneDelegate.swift */ = {isa = PBXFileReference; lastKnownFileType = sourcecode.swift; path = SceneDelegate.swift; sourceTree = "<group>"; };
		A8C69FBC2728AE1C00143DB7 /* Assets.xcassets */ = {isa = PBXFileReference; lastKnownFileType = folder.assetcatalog; path = Assets.xcassets; sourceTree = "<group>"; };
		A8C69FBF2728AE1C00143DB7 /* Base */ = {isa = PBXFileReference; lastKnownFileType = file.storyboard; name = Base; path = Base.lproj/LaunchScreen.storyboard; sourceTree = "<group>"; };
		A8C69FC12728AE1C00143DB7 /* Info.plist */ = {isa = PBXFileReference; lastKnownFileType = text.plist.xml; path = Info.plist; sourceTree = "<group>"; };
		A8FB819B272A082B00AA0930 /* DemoInputTypes.swift */ = {isa = PBXFileReference; lastKnownFileType = sourcecode.swift; path = DemoInputTypes.swift; sourceTree = "<group>"; };
		FA7B53EB282330F2001DFAB8 /* RemoteParticipantAvatarHelper.swift */ = {isa = PBXFileReference; lastKnownFileType = sourcecode.swift; path = RemoteParticipantAvatarHelper.swift; sourceTree = "<group>"; };
		FAA4489F282585F700BD0DC0 /* AzureCommunicationUICalling.framework */ = {isa = PBXFileReference; explicitFileType = wrapper.framework; path = AzureCommunicationUICalling.framework; sourceTree = BUILT_PRODUCTS_DIR; };
		FACEE493287364F4001D62BE /* AccessibilityIdentifier.swift */ = {isa = PBXFileReference; fileEncoding = 4; lastKnownFileType = sourcecode.swift; name = AccessibilityIdentifier.swift; path = ../sdk/AzureCommunicationUICalling/Sources/Utilities/AccessibilityIdentifier.swift; sourceTree = "<group>"; };
/* End PBXFileReference section */

/* Begin PBXFrameworksBuildPhase section */
		1F8881B727909E08001427F0 /* Frameworks */ = {
			isa = PBXFrameworksBuildPhase;
			buildActionMask = 2147483647;
			files = (
				8926B039F67555DE4F89893B /* Pods_AzureCommunicationUIDemoApp_AzureCommunicationUIDemoAppUITests.framework in Frameworks */,
			);
			runOnlyForDeploymentPostprocessing = 0;
		};
		A8C69FAD2728AE1A00143DB7 /* Frameworks */ = {
			isa = PBXFrameworksBuildPhase;
			buildActionMask = 2147483647;
			files = (
				FAA448A0282585F700BD0DC0 /* AzureCommunicationUICalling.framework in Frameworks */,
				3507F9550C99D777E493AA92 /* Pods_AzureCommunicationUIDemoApp.framework in Frameworks */,
			);
			runOnlyForDeploymentPostprocessing = 0;
		};
/* End PBXFrameworksBuildPhase section */

/* Begin PBXGroup section */
		1F18191827B45050006AF3B3 /* Utilities */ = {
			isa = PBXGroup;
			children = (
				1F18191627B39F36006AF3B3 /* XCUITestBase.swift */,
				1F18191927B45050006AF3B3 /* XCUIElementExtension.swift */,
			);
			path = Utilities;
			sourceTree = "<group>";
		};
		1F8881BB27909E08001427F0 /* Tests */ = {
			isa = PBXGroup;
			children = (
				1F18191827B45050006AF3B3 /* Utilities */,
				1F8881BC27909E08001427F0 /* AzureCommunicationUIDemoAppLaunchTests.swift */,
				1B0D8DC527F3B1B800F0C47A /* AzureCommunicationUIDemoAppCallTests.swift */,
				1FBA6B1B27B4F61A00FF3835 /* Info.plist */,
				1B3E3B4E285A8F690010E24E /* AzureCommunicationUIDemoAppSetupViewTests.swift */,
			);
			path = Tests;
			sourceTree = "<group>";
		};
		1F8881C82798D5C2001427F0 /* ViewModifier */ = {
			isa = PBXGroup;
			children = (
				1F8881C92798D5E7001427F0 /* TextFieldClearButton.swift */,
			);
			path = ViewModifier;
			sourceTree = "<group>";
		};
		1F8881CB279B4521001427F0 /* Utilities */ = {
			isa = PBXGroup;
			children = (
				1F8881CC279B456E001427F0 /* Extension.swift */,
				5027C1C52821A07500DC7131 /* AccessibilityId.swift */,
			);
			path = Utilities;
			sourceTree = "<group>";
		};
		5075FE9B27FFA84B00136B34 /* Localization */ = {
			isa = PBXGroup;
			children = (
				5075FEA327FFA8C200136B34 /* Localizable.strings */,
			);
			name = Localization;
			path = Views;
			sourceTree = "<group>";
		};
		84D42CA48804501C17E76B52 /* Pods */ = {
			isa = PBXGroup;
			children = (
				55177298464F41939884F1C8 /* Pods-AzureCommunicationUIDemoApp.debug.xcconfig */,
				2EA3EA0A623669E62A5E601F /* Pods-AzureCommunicationUIDemoApp.release.xcconfig */,
				645D1D3003E302ECA00BB66C /* Pods-AzureCommunicationUIDemoApp-AzureCommunicationUIDemoAppUITests.debug.xcconfig */,
				1AA61EC7BE9A4B43EEC5DBCC /* Pods-AzureCommunicationUIDemoApp-AzureCommunicationUIDemoAppUITests.release.xcconfig */,
			);
			name = Pods;
			path = ../Pods;
			sourceTree = "<group>";
		};
		A8C69FA72728AE1A00143DB7 = {
			isa = PBXGroup;
			children = (
				FACEE493287364F4001D62BE /* AccessibilityIdentifier.swift */,
				A8C69FB22728AE1A00143DB7 /* Sources */,
				1F8881BB27909E08001427F0 /* Tests */,
				A8C69FB12728AE1A00143DB7 /* Products */,
				F74ACD1C99B1428891E02585 /* Frameworks */,
				84D42CA48804501C17E76B52 /* Pods */,
			);
			sourceTree = "<group>";
		};
		A8C69FB12728AE1A00143DB7 /* Products */ = {
			isa = PBXGroup;
			children = (
				A8C69FB02728AE1A00143DB7 /* AzureCommunicationUIDemoApp.app */,
				1F8881BA27909E08001427F0 /* AzureCommunicationUIDemoAppUITests.xctest */,
			);
			name = Products;
			sourceTree = "<group>";
		};
		A8C69FB22728AE1A00143DB7 /* Sources */ = {
			isa = PBXGroup;
			children = (
				1F8881CB279B4521001427F0 /* Utilities */,
				A8FB819D272A0B3500AA0930 /* Views */,
				5075FE9B27FFA84B00136B34 /* Localization */,
				A8849E522732FFA10049FB1A /* AuthenticationHelper.swift */,
				FA7B53EB282330F2001DFAB8 /* RemoteParticipantAvatarHelper.swift */,
				A8FB819B272A082B00AA0930 /* DemoInputTypes.swift */,
				A85DDCB22728B140001297B4 /* ThemeOptions.swift */,
				A85DDCAF2728B12D001297B4 /* EnvConfig.swift */,
				1FEC635827588B5600EA746B /* AppConfig.xcconfig */,
				A8C69FB32728AE1A00143DB7 /* AppDelegate.swift */,
				A8C69FB52728AE1A00143DB7 /* SceneDelegate.swift */,
				A8C69FC12728AE1C00143DB7 /* Info.plist */,
				A8C69FBC2728AE1C00143DB7 /* Assets.xcassets */,
			);
			path = Sources;
			sourceTree = "<group>";
		};
		A8FB819D272A0B3500AA0930 /* Views */ = {
			isa = PBXGroup;
			children = (
				1F8881C82798D5C2001427F0 /* ViewModifier */,
				A87CEABB2729ECA600F3AE16 /* EntryViewController.swift */,
				A85DDCB52728B23B001297B4 /* SwiftUIDemoView.swift */,
				A85DDCB42728B23A001297B4 /* UIKitDemoViewController.swift */,
				50B390CE27D2996E0010A2ED /* SettingsView.swift */,
				A8AC66FD2735A41600632D0B /* CustomControls.swift */,
				A8C69FBE2728AE1C00143DB7 /* LaunchScreen.storyboard */,
			);
			path = Views;
			sourceTree = "<group>";
		};
		F74ACD1C99B1428891E02585 /* Frameworks */ = {
			isa = PBXGroup;
			children = (
				FAA4489F282585F700BD0DC0 /* AzureCommunicationUICalling.framework */,
				747FFD0380FFBF53EC331032 /* Pods_AzureCommunicationUIDemoApp.framework */,
				026F091CB7F97EBA5A39610B /* Pods_AzureCommunicationUIDemoApp_AzureCommunicationUIDemoAppUITests.framework */,
			);
			name = Frameworks;
			sourceTree = "<group>";
		};
/* End PBXGroup section */

/* Begin PBXNativeTarget section */
		1F8881B927909E08001427F0 /* AzureCommunicationUIDemoAppUITests */ = {
			isa = PBXNativeTarget;
			buildConfigurationList = 1F8881C427909E08001427F0 /* Build configuration list for PBXNativeTarget "AzureCommunicationUIDemoAppUITests" */;
			buildPhases = (
				2AECBD19FD5EFA9D5C88AE8E /* [CP] Check Pods Manifest.lock */,
				1FC9AB9927BC4E8F0027F9DB /* Run SwiftLint */,
				1F8881B627909E08001427F0 /* Sources */,
				1F8881B727909E08001427F0 /* Frameworks */,
				1F8881B827909E08001427F0 /* Resources */,
				9EE99EB8DA9BFFA0E1CA976C /* [CP] Embed Pods Frameworks */,
			);
			buildRules = (
			);
			dependencies = (
				1F8881C127909E08001427F0 /* PBXTargetDependency */,
			);
			name = AzureCommunicationUIDemoAppUITests;
			productName = AzureCommunicationUIDemoAppUITests;
			productReference = 1F8881BA27909E08001427F0 /* AzureCommunicationUIDemoAppUITests.xctest */;
			productType = "com.apple.product-type.bundle.ui-testing";
		};
		A8C69FAF2728AE1A00143DB7 /* AzureCommunicationUIDemoApp */ = {
			isa = PBXNativeTarget;
			buildConfigurationList = A8C69FC42728AE1C00143DB7 /* Build configuration list for PBXNativeTarget "AzureCommunicationUIDemoApp" */;
			buildPhases = (
				21973AE741F3B55B42A2E0CE /* [CP] Check Pods Manifest.lock */,
				1FF252D427B5E44E006A113E /* Run SwiftLint */,
				A8C69FAC2728AE1A00143DB7 /* Sources */,
				A8C69FAD2728AE1A00143DB7 /* Frameworks */,
				A8C69FAE2728AE1A00143DB7 /* Resources */,
				4CA6E42B5D6299A63290DA44 /* [CP] Embed Pods Frameworks */,
				FAA448A2282585F700BD0DC0 /* Embed Frameworks */,
			);
			buildRules = (
			);
			dependencies = (
			);
			name = AzureCommunicationUIDemoApp;
			productName = AzureCommunicationUIDemoApp;
			productReference = A8C69FB02728AE1A00143DB7 /* AzureCommunicationUIDemoApp.app */;
			productType = "com.apple.product-type.application";
		};
/* End PBXNativeTarget section */

/* Begin PBXProject section */
		A8C69FA82728AE1A00143DB7 /* Project object */ = {
			isa = PBXProject;
			attributes = {
				BuildIndependentTargetsInParallel = 1;
				LastSwiftUpdateCheck = 1310;
				LastUpgradeCheck = 1310;
				TargetAttributes = {
					1F8881B927909E08001427F0 = {
						CreatedOnToolsVersion = 13.1;
						TestTargetID = A8C69FAF2728AE1A00143DB7;
					};
					A8C69FAF2728AE1A00143DB7 = {
						CreatedOnToolsVersion = 13.1;
					};
				};
			};
			buildConfigurationList = A8C69FAB2728AE1A00143DB7 /* Build configuration list for PBXProject "AzureCommunicationUIDemoApp" */;
			compatibilityVersion = "Xcode 13.0";
			developmentRegion = en;
			hasScannedForEncodings = 0;
			knownRegions = (
				en,
				Base,
				fr,
				"fr-CA",
				"zh-Hant",
			);
			mainGroup = A8C69FA72728AE1A00143DB7;
			productRefGroup = A8C69FB12728AE1A00143DB7 /* Products */;
			projectDirPath = "";
			projectRoot = "";
			targets = (
				A8C69FAF2728AE1A00143DB7 /* AzureCommunicationUIDemoApp */,
				1F8881B927909E08001427F0 /* AzureCommunicationUIDemoAppUITests */,
			);
		};
/* End PBXProject section */

/* Begin PBXResourcesBuildPhase section */
		1F8881B827909E08001427F0 /* Resources */ = {
			isa = PBXResourcesBuildPhase;
			buildActionMask = 2147483647;
			files = (
			);
			runOnlyForDeploymentPostprocessing = 0;
		};
		A8C69FAE2728AE1A00143DB7 /* Resources */ = {
			isa = PBXResourcesBuildPhase;
			buildActionMask = 2147483647;
			files = (
				A8C69FC02728AE1C00143DB7 /* LaunchScreen.storyboard in Resources */,
				5075FEA127FFA8C200136B34 /* Localizable.strings in Resources */,
				A8C69FBD2728AE1C00143DB7 /* Assets.xcassets in Resources */,
			);
			runOnlyForDeploymentPostprocessing = 0;
		};
/* End PBXResourcesBuildPhase section */

/* Begin PBXShellScriptBuildPhase section */
		1FC9AB9927BC4E8F0027F9DB /* Run SwiftLint */ = {
			isa = PBXShellScriptBuildPhase;
			alwaysOutOfDate = 1;
			buildActionMask = 2147483647;
			files = (
			);
			inputFileListPaths = (
			);
			inputPaths = (
			);
			name = "Run SwiftLint";
			outputFileListPaths = (
			);
			outputPaths = (
			);
			runOnlyForDeploymentPostprocessing = 0;
			shellPath = /bin/sh;
			shellScript = "${PODS_ROOT}/SwiftLint/swiftlint lint --strict --config ../.swiftlint-tests.yml --path Tests\n";
		};
		1FF252D427B5E44E006A113E /* Run SwiftLint */ = {
			isa = PBXShellScriptBuildPhase;
			alwaysOutOfDate = 1;
			buildActionMask = 2147483647;
			files = (
			);
			inputFileListPaths = (
			);
			inputPaths = (
			);
			name = "Run SwiftLint";
			outputFileListPaths = (
			);
			outputPaths = (
			);
			runOnlyForDeploymentPostprocessing = 0;
			shellPath = /bin/sh;
			shellScript = "${PODS_ROOT}/SwiftLint/swiftlint lint --strict --config Sources/.swiftlint.yml --path Sources\n";
		};
		21973AE741F3B55B42A2E0CE /* [CP] Check Pods Manifest.lock */ = {
			isa = PBXShellScriptBuildPhase;
			buildActionMask = 2147483647;
			files = (
			);
			inputFileListPaths = (
			);
			inputPaths = (
				"${PODS_PODFILE_DIR_PATH}/Podfile.lock",
				"${PODS_ROOT}/Manifest.lock",
			);
			name = "[CP] Check Pods Manifest.lock";
			outputFileListPaths = (
			);
			outputPaths = (
				"$(DERIVED_FILE_DIR)/Pods-AzureCommunicationUIDemoApp-checkManifestLockResult.txt",
			);
			runOnlyForDeploymentPostprocessing = 0;
			shellPath = /bin/sh;
			shellScript = "diff \"${PODS_PODFILE_DIR_PATH}/Podfile.lock\" \"${PODS_ROOT}/Manifest.lock\" > /dev/null\nif [ $? != 0 ] ; then\n    # print error to STDERR\n    echo \"error: The sandbox is not in sync with the Podfile.lock. Run 'pod install' or update your CocoaPods installation.\" >&2\n    exit 1\nfi\n# This output is used by Xcode 'outputs' to avoid re-running this script phase.\necho \"SUCCESS\" > \"${SCRIPT_OUTPUT_FILE_0}\"\n";
			showEnvVarsInLog = 0;
		};
		2AECBD19FD5EFA9D5C88AE8E /* [CP] Check Pods Manifest.lock */ = {
			isa = PBXShellScriptBuildPhase;
			buildActionMask = 2147483647;
			files = (
			);
			inputFileListPaths = (
			);
			inputPaths = (
				"${PODS_PODFILE_DIR_PATH}/Podfile.lock",
				"${PODS_ROOT}/Manifest.lock",
			);
			name = "[CP] Check Pods Manifest.lock";
			outputFileListPaths = (
			);
			outputPaths = (
				"$(DERIVED_FILE_DIR)/Pods-AzureCommunicationUIDemoApp-AzureCommunicationUIDemoAppUITests-checkManifestLockResult.txt",
			);
			runOnlyForDeploymentPostprocessing = 0;
			shellPath = /bin/sh;
			shellScript = "diff \"${PODS_PODFILE_DIR_PATH}/Podfile.lock\" \"${PODS_ROOT}/Manifest.lock\" > /dev/null\nif [ $? != 0 ] ; then\n    # print error to STDERR\n    echo \"error: The sandbox is not in sync with the Podfile.lock. Run 'pod install' or update your CocoaPods installation.\" >&2\n    exit 1\nfi\n# This output is used by Xcode 'outputs' to avoid re-running this script phase.\necho \"SUCCESS\" > \"${SCRIPT_OUTPUT_FILE_0}\"\n";
			showEnvVarsInLog = 0;
		};
		4CA6E42B5D6299A63290DA44 /* [CP] Embed Pods Frameworks */ = {
			isa = PBXShellScriptBuildPhase;
			buildActionMask = 2147483647;
			files = (
			);
			inputFileListPaths = (
				"${PODS_ROOT}/Target Support Files/Pods-AzureCommunicationUIDemoApp/Pods-AzureCommunicationUIDemoApp-frameworks-${CONFIGURATION}-input-files.xcfilelist",
			);
			name = "[CP] Embed Pods Frameworks";
			outputFileListPaths = (
				"${PODS_ROOT}/Target Support Files/Pods-AzureCommunicationUIDemoApp/Pods-AzureCommunicationUIDemoApp-frameworks-${CONFIGURATION}-output-files.xcfilelist",
			);
			runOnlyForDeploymentPostprocessing = 0;
			shellPath = /bin/sh;
			shellScript = "\"${PODS_ROOT}/Target Support Files/Pods-AzureCommunicationUIDemoApp/Pods-AzureCommunicationUIDemoApp-frameworks.sh\"\n";
			showEnvVarsInLog = 0;
		};
		9EE99EB8DA9BFFA0E1CA976C /* [CP] Embed Pods Frameworks */ = {
			isa = PBXShellScriptBuildPhase;
			buildActionMask = 2147483647;
			files = (
			);
			inputFileListPaths = (
				"${PODS_ROOT}/Target Support Files/Pods-AzureCommunicationUIDemoApp-AzureCommunicationUIDemoAppUITests/Pods-AzureCommunicationUIDemoApp-AzureCommunicationUIDemoAppUITests-frameworks-${CONFIGURATION}-input-files.xcfilelist",
			);
			name = "[CP] Embed Pods Frameworks";
			outputFileListPaths = (
				"${PODS_ROOT}/Target Support Files/Pods-AzureCommunicationUIDemoApp-AzureCommunicationUIDemoAppUITests/Pods-AzureCommunicationUIDemoApp-AzureCommunicationUIDemoAppUITests-frameworks-${CONFIGURATION}-output-files.xcfilelist",
			);
			runOnlyForDeploymentPostprocessing = 0;
			shellPath = /bin/sh;
			shellScript = "\"${PODS_ROOT}/Target Support Files/Pods-AzureCommunicationUIDemoApp-AzureCommunicationUIDemoAppUITests/Pods-AzureCommunicationUIDemoApp-AzureCommunicationUIDemoAppUITests-frameworks.sh\"\n";
			showEnvVarsInLog = 0;
		};
/* End PBXShellScriptBuildPhase section */

/* Begin PBXSourcesBuildPhase section */
		1F8881B627909E08001427F0 /* Sources */ = {
			isa = PBXSourcesBuildPhase;
			buildActionMask = 2147483647;
			files = (
				5027C1C72821A55E00DC7131 /* AccessibilityId.swift in Sources */,
				1F18191A27B45050006AF3B3 /* XCUIElementExtension.swift in Sources */,
				FACEE494287364F4001D62BE /* AccessibilityIdentifier.swift in Sources */,
				1F18191727B39F36006AF3B3 /* XCUITestBase.swift in Sources */,
				1B0D8DC627F3B1B800F0C47A /* AzureCommunicationUIDemoAppCallTests.swift in Sources */,
				1F8881BD27909E08001427F0 /* AzureCommunicationUIDemoAppLaunchTests.swift in Sources */,
				1B3E3B4F285A8F690010E24E /* AzureCommunicationUIDemoAppSetupViewTests.swift in Sources */,
			);
			runOnlyForDeploymentPostprocessing = 0;
		};
		A8C69FAC2728AE1A00143DB7 /* Sources */ = {
			isa = PBXSourcesBuildPhase;
			buildActionMask = 2147483647;
			files = (
				A8C69FB42728AE1A00143DB7 /* AppDelegate.swift in Sources */,
				A8FB819C272A082B00AA0930 /* DemoInputTypes.swift in Sources */,
				A8AC66FE2735A41600632D0B /* CustomControls.swift in Sources */,
				A85DDCB92728B23B001297B4 /* SwiftUIDemoView.swift in Sources */,
				1F8881CD279B456E001427F0 /* Extension.swift in Sources */,
				5027C1C62821A07500DC7131 /* AccessibilityId.swift in Sources */,
				A85DDCB12728B12D001297B4 /* EnvConfig.swift in Sources */,
				FA7B53EC282330F2001DFAB8 /* RemoteParticipantAvatarHelper.swift in Sources */,
				A85DDCB32728B140001297B4 /* ThemeOptions.swift in Sources */,
				A85DDCB82728B23B001297B4 /* UIKitDemoViewController.swift in Sources */,
				A8C69FB62728AE1A00143DB7 /* SceneDelegate.swift in Sources */,
				A87CEABC2729ECA600F3AE16 /* EntryViewController.swift in Sources */,
				1F8881CA2798D5E7001427F0 /* TextFieldClearButton.swift in Sources */,
				A8849E532732FFA10049FB1A /* AuthenticationHelper.swift in Sources */,
				50B390CF27D2996E0010A2ED /* SettingsView.swift in Sources */,
			);
			runOnlyForDeploymentPostprocessing = 0;
		};
/* End PBXSourcesBuildPhase section */

/* Begin PBXTargetDependency section */
		1F8881C127909E08001427F0 /* PBXTargetDependency */ = {
			isa = PBXTargetDependency;
			target = A8C69FAF2728AE1A00143DB7 /* AzureCommunicationUIDemoApp */;
			targetProxy = 1F8881C027909E08001427F0 /* PBXContainerItemProxy */;
		};
/* End PBXTargetDependency section */

/* Begin PBXVariantGroup section */
		5075FEA327FFA8C200136B34 /* Localizable.strings */ = {
			isa = PBXVariantGroup;
			children = (
				5075FEA227FFA8C200136B34 /* en */,
				5075FEA527FFA8C800136B34 /* fr */,
				5075FEA627FFA8C900136B34 /* fr-CA */,
				5075FEA727FFA9D700136B34 /* zh-Hant */,
			);
			name = Localizable.strings;
			sourceTree = "<group>";
		};
		A8C69FBE2728AE1C00143DB7 /* LaunchScreen.storyboard */ = {
			isa = PBXVariantGroup;
			children = (
				A8C69FBF2728AE1C00143DB7 /* Base */,
				5075FE9C27FFA87200136B34 /* fr */,
				5075FE9D27FFA87600136B34 /* fr-CA */,
				5075FE9E27FFA87C00136B34 /* zh-Hant */,
			);
			name = LaunchScreen.storyboard;
			sourceTree = "<group>";
		};
/* End PBXVariantGroup section */

/* Begin XCBuildConfiguration section */
		1F8881C227909E08001427F0 /* Debug */ = {
			isa = XCBuildConfiguration;
			baseConfigurationReference = 645D1D3003E302ECA00BB66C /* Pods-AzureCommunicationUIDemoApp-AzureCommunicationUIDemoAppUITests.debug.xcconfig */;
			buildSettings = {
				CODE_SIGN_STYLE = Automatic;
				CURRENT_PROJECT_VERSION = 1;
				DEVELOPMENT_TEAM = UBF8T346G9;
				GENERATE_INFOPLIST_FILE = YES;
				INFOPLIST_FILE = Tests/Info.plist;
				IPHONEOS_DEPLOYMENT_TARGET = 14.0;
				LD_RUNPATH_SEARCH_PATHS = (
					"$(inherited)",
					"@executable_path/Frameworks",
					"@loader_path/Frameworks",
				);
				MARKETING_VERSION = 1.0;
				PRODUCT_BUNDLE_IDENTIFIER = com.azure.sample.AzureCommunicationUIDemoAppUITests;
				PRODUCT_NAME = "$(TARGET_NAME)";
				SWIFT_EMIT_LOC_STRINGS = NO;
				SWIFT_VERSION = 5.0;
				TARGETED_DEVICE_FAMILY = "1,2";
				TEST_TARGET_NAME = AzureCommunicationUIDemoApp;
			};
			name = Debug;
		};
		1F8881C327909E08001427F0 /* Release */ = {
			isa = XCBuildConfiguration;
			baseConfigurationReference = 1AA61EC7BE9A4B43EEC5DBCC /* Pods-AzureCommunicationUIDemoApp-AzureCommunicationUIDemoAppUITests.release.xcconfig */;
			buildSettings = {
				CODE_SIGN_STYLE = Automatic;
				CURRENT_PROJECT_VERSION = 1;
				DEVELOPMENT_TEAM = UBF8T346G9;
				GENERATE_INFOPLIST_FILE = YES;
				INFOPLIST_FILE = Tests/Info.plist;
				IPHONEOS_DEPLOYMENT_TARGET = 14.0;
				LD_RUNPATH_SEARCH_PATHS = (
					"$(inherited)",
					"@executable_path/Frameworks",
					"@loader_path/Frameworks",
				);
				MARKETING_VERSION = 1.0;
				PRODUCT_BUNDLE_IDENTIFIER = com.azure.sample.AzureCommunicationUIDemoAppUITests;
				PRODUCT_NAME = "$(TARGET_NAME)";
				SWIFT_EMIT_LOC_STRINGS = NO;
				SWIFT_VERSION = 5.0;
				TARGETED_DEVICE_FAMILY = "1,2";
				TEST_TARGET_NAME = AzureCommunicationUIDemoApp;
			};
			name = Release;
		};
		A8C69FC22728AE1C00143DB7 /* Debug */ = {
			isa = XCBuildConfiguration;
			baseConfigurationReference = 1FEC635827588B5600EA746B /* AppConfig.xcconfig */;
			buildSettings = {
				ALWAYS_SEARCH_USER_PATHS = NO;
				CLANG_ANALYZER_LOCALIZABILITY_NONLOCALIZED = YES;
				CLANG_ANALYZER_NONNULL = YES;
				CLANG_ANALYZER_NUMBER_OBJECT_CONVERSION = YES_AGGRESSIVE;
				CLANG_CXX_LANGUAGE_STANDARD = "gnu++17";
				CLANG_CXX_LIBRARY = "libc++";
				CLANG_ENABLE_MODULES = YES;
				CLANG_ENABLE_OBJC_ARC = YES;
				CLANG_ENABLE_OBJC_WEAK = YES;
				CLANG_WARN_BLOCK_CAPTURE_AUTORELEASING = YES;
				CLANG_WARN_BOOL_CONVERSION = YES;
				CLANG_WARN_COMMA = YES;
				CLANG_WARN_CONSTANT_CONVERSION = YES;
				CLANG_WARN_DEPRECATED_OBJC_IMPLEMENTATIONS = YES;
				CLANG_WARN_DIRECT_OBJC_ISA_USAGE = YES_ERROR;
				CLANG_WARN_DOCUMENTATION_COMMENTS = YES;
				CLANG_WARN_EMPTY_BODY = YES;
				CLANG_WARN_ENUM_CONVERSION = YES;
				CLANG_WARN_INFINITE_RECURSION = YES;
				CLANG_WARN_INT_CONVERSION = YES;
				CLANG_WARN_NON_LITERAL_NULL_CONVERSION = YES;
				CLANG_WARN_OBJC_IMPLICIT_RETAIN_SELF = YES;
				CLANG_WARN_OBJC_LITERAL_CONVERSION = YES;
				CLANG_WARN_OBJC_ROOT_CLASS = YES_ERROR;
				CLANG_WARN_QUOTED_INCLUDE_IN_FRAMEWORK_HEADER = YES;
				CLANG_WARN_RANGE_LOOP_ANALYSIS = YES;
				CLANG_WARN_STRICT_PROTOTYPES = YES;
				CLANG_WARN_SUSPICIOUS_MOVE = YES;
				CLANG_WARN_UNGUARDED_AVAILABILITY = YES_AGGRESSIVE;
				CLANG_WARN_UNREACHABLE_CODE = YES;
				CLANG_WARN__DUPLICATE_METHOD_MATCH = YES;
				COPY_PHASE_STRIP = NO;
				DEBUG_INFORMATION_FORMAT = "dwarf-with-dsym";
				ENABLE_BITCODE = NO;
				ENABLE_STRICT_OBJC_MSGSEND = YES;
				ENABLE_TESTABILITY = YES;
				GCC_C_LANGUAGE_STANDARD = gnu11;
				GCC_DYNAMIC_NO_PIC = NO;
				GCC_NO_COMMON_BLOCKS = YES;
				GCC_OPTIMIZATION_LEVEL = 0;
				GCC_PREPROCESSOR_DEFINITIONS = (
					"DEBUG=1",
					"$(inherited)",
				);
				GCC_WARN_64_TO_32_BIT_CONVERSION = YES;
				GCC_WARN_ABOUT_RETURN_TYPE = YES_ERROR;
				GCC_WARN_UNDECLARED_SELECTOR = YES;
				GCC_WARN_UNINITIALIZED_AUTOS = YES_AGGRESSIVE;
				GCC_WARN_UNUSED_FUNCTION = YES;
				GCC_WARN_UNUSED_VARIABLE = YES;
				IPHONEOS_DEPLOYMENT_TARGET = 14.0;
				MTL_ENABLE_DEBUG_INFO = INCLUDE_SOURCE;
				MTL_FAST_MATH = YES;
				ONLY_ACTIVE_ARCH = YES;
				SDKROOT = iphoneos;
				SWIFT_ACTIVE_COMPILATION_CONDITIONS = DEBUG;
				SWIFT_OPTIMIZATION_LEVEL = "-Onone";
			};
			name = Debug;
		};
		A8C69FC32728AE1C00143DB7 /* Release */ = {
			isa = XCBuildConfiguration;
			buildSettings = {
				ALWAYS_SEARCH_USER_PATHS = NO;
				CLANG_ANALYZER_LOCALIZABILITY_NONLOCALIZED = YES;
				CLANG_ANALYZER_NONNULL = YES;
				CLANG_ANALYZER_NUMBER_OBJECT_CONVERSION = YES_AGGRESSIVE;
				CLANG_CXX_LANGUAGE_STANDARD = "gnu++17";
				CLANG_CXX_LIBRARY = "libc++";
				CLANG_ENABLE_MODULES = YES;
				CLANG_ENABLE_OBJC_ARC = YES;
				CLANG_ENABLE_OBJC_WEAK = YES;
				CLANG_WARN_BLOCK_CAPTURE_AUTORELEASING = YES;
				CLANG_WARN_BOOL_CONVERSION = YES;
				CLANG_WARN_COMMA = YES;
				CLANG_WARN_CONSTANT_CONVERSION = YES;
				CLANG_WARN_DEPRECATED_OBJC_IMPLEMENTATIONS = YES;
				CLANG_WARN_DIRECT_OBJC_ISA_USAGE = YES_ERROR;
				CLANG_WARN_DOCUMENTATION_COMMENTS = YES;
				CLANG_WARN_EMPTY_BODY = YES;
				CLANG_WARN_ENUM_CONVERSION = YES;
				CLANG_WARN_INFINITE_RECURSION = YES;
				CLANG_WARN_INT_CONVERSION = YES;
				CLANG_WARN_NON_LITERAL_NULL_CONVERSION = YES;
				CLANG_WARN_OBJC_IMPLICIT_RETAIN_SELF = YES;
				CLANG_WARN_OBJC_LITERAL_CONVERSION = YES;
				CLANG_WARN_OBJC_ROOT_CLASS = YES_ERROR;
				CLANG_WARN_QUOTED_INCLUDE_IN_FRAMEWORK_HEADER = YES;
				CLANG_WARN_RANGE_LOOP_ANALYSIS = YES;
				CLANG_WARN_STRICT_PROTOTYPES = YES;
				CLANG_WARN_SUSPICIOUS_MOVE = YES;
				CLANG_WARN_UNGUARDED_AVAILABILITY = YES_AGGRESSIVE;
				CLANG_WARN_UNREACHABLE_CODE = YES;
				CLANG_WARN__DUPLICATE_METHOD_MATCH = YES;
				COPY_PHASE_STRIP = NO;
				DEBUG_INFORMATION_FORMAT = "dwarf-with-dsym";
				ENABLE_BITCODE = NO;
				ENABLE_NS_ASSERTIONS = NO;
				ENABLE_STRICT_OBJC_MSGSEND = YES;
				GCC_C_LANGUAGE_STANDARD = gnu11;
				GCC_NO_COMMON_BLOCKS = YES;
				GCC_WARN_64_TO_32_BIT_CONVERSION = YES;
				GCC_WARN_ABOUT_RETURN_TYPE = YES_ERROR;
				GCC_WARN_UNDECLARED_SELECTOR = YES;
				GCC_WARN_UNINITIALIZED_AUTOS = YES_AGGRESSIVE;
				GCC_WARN_UNUSED_FUNCTION = YES;
				GCC_WARN_UNUSED_VARIABLE = YES;
				IPHONEOS_DEPLOYMENT_TARGET = 14.0;
				MTL_ENABLE_DEBUG_INFO = NO;
				MTL_FAST_MATH = YES;
				SDKROOT = iphoneos;
				SWIFT_COMPILATION_MODE = wholemodule;
				SWIFT_OPTIMIZATION_LEVEL = "-O";
				VALIDATE_PRODUCT = YES;
			};
			name = Release;
		};
		A8C69FC52728AE1C00143DB7 /* Debug */ = {
			isa = XCBuildConfiguration;
			baseConfigurationReference = 55177298464F41939884F1C8 /* Pods-AzureCommunicationUIDemoApp.debug.xcconfig */;
			buildSettings = {
				ASSETCATALOG_COMPILER_APPICON_NAME = "AppIcon${BUNDLE_ID_SUFFIX}";
				ASSETCATALOG_COMPILER_GLOBAL_ACCENT_COLOR_NAME = AccentColor;
				BUNDLE_ID_SUFFIX = .dev;
				CODE_SIGN_STYLE = Automatic;
				CURRENT_PROJECT_VERSION = 1;
				DEVELOPMENT_TEAM = UBF8T346G9;
				GENERATE_INFOPLIST_FILE = YES;
				INFOPLIST_FILE = Sources/Info.plist;
				INFOPLIST_KEY_NSCameraUsageDescription = "This is required for calling.";
				INFOPLIST_KEY_NSMicrophoneUsageDescription = "This is required for calling.";
				INFOPLIST_KEY_UIApplicationSupportsIndirectInputEvents = YES;
				INFOPLIST_KEY_UILaunchStoryboardName = LaunchScreen;
				INFOPLIST_KEY_UIMainStoryboardFile = LaunchScreen;
				INFOPLIST_KEY_UISupportedInterfaceOrientations = "UIInterfaceOrientationPortrait UIInterfaceOrientationLandscapeLeft UIInterfaceOrientationLandscapeRight";
				INFOPLIST_KEY_UISupportedInterfaceOrientations_iPad = "UIInterfaceOrientationPortrait UIInterfaceOrientationPortraitUpsideDown UIInterfaceOrientationLandscapeLeft UIInterfaceOrientationLandscapeRight";
				INFOPLIST_KEY_UISupportedInterfaceOrientations_iPhone = "UIInterfaceOrientationPortrait UIInterfaceOrientationLandscapeLeft UIInterfaceOrientationLandscapeRight";
				LD_RUNPATH_SEARCH_PATHS = (
					"$(inherited)",
					"@executable_path/Frameworks",
				);
				MARKETING_VERSION = 1.0;
				PRODUCT_BUNDLE_IDENTIFIER = com.azure.ios.communication.ui.meetings.AzureCommunicationUIDemoApp;
				PRODUCT_NAME = "$(TARGET_NAME)";
				SWIFT_EMIT_LOC_STRINGS = YES;
				SWIFT_VERSION = 5.0;
				TARGETED_DEVICE_FAMILY = "1,2";
			};
			name = Debug;
		};
		A8C69FC62728AE1C00143DB7 /* Release */ = {
			isa = XCBuildConfiguration;
			baseConfigurationReference = 2EA3EA0A623669E62A5E601F /* Pods-AzureCommunicationUIDemoApp.release.xcconfig */;
			buildSettings = {
				ASSETCATALOG_COMPILER_APPICON_NAME = "AppIcon${BUNDLE_ID_SUFFIX}";
				ASSETCATALOG_COMPILER_GLOBAL_ACCENT_COLOR_NAME = AccentColor;
				BUNDLE_ID_SUFFIX = "";
				CODE_SIGN_STYLE = Automatic;
				CURRENT_PROJECT_VERSION = 1;
				DEVELOPMENT_TEAM = UBF8T346G9;
				GENERATE_INFOPLIST_FILE = YES;
				INFOPLIST_FILE = Sources/Info.plist;
				INFOPLIST_KEY_NSCameraUsageDescription = "This is required for calling.";
				INFOPLIST_KEY_NSMicrophoneUsageDescription = "This is required for calling.";
				INFOPLIST_KEY_UIApplicationSupportsIndirectInputEvents = YES;
				INFOPLIST_KEY_UILaunchStoryboardName = LaunchScreen;
				INFOPLIST_KEY_UIMainStoryboardFile = LaunchScreen;
				INFOPLIST_KEY_UISupportedInterfaceOrientations = "UIInterfaceOrientationPortrait UIInterfaceOrientationLandscapeLeft UIInterfaceOrientationLandscapeRight";
				INFOPLIST_KEY_UISupportedInterfaceOrientations_iPad = "UIInterfaceOrientationPortrait UIInterfaceOrientationPortraitUpsideDown UIInterfaceOrientationLandscapeLeft UIInterfaceOrientationLandscapeRight";
				INFOPLIST_KEY_UISupportedInterfaceOrientations_iPhone = "UIInterfaceOrientationPortrait UIInterfaceOrientationLandscapeLeft UIInterfaceOrientationLandscapeRight";
				LD_RUNPATH_SEARCH_PATHS = (
					"$(inherited)",
					"@executable_path/Frameworks",
				);
				MARKETING_VERSION = 1.0;
				PRODUCT_BUNDLE_IDENTIFIER = com.azure.ios.communication.ui.meetings.AzureCommunicationUIDemoApp;
				PRODUCT_NAME = "$(TARGET_NAME)";
				SWIFT_EMIT_LOC_STRINGS = YES;
				SWIFT_VERSION = 5.0;
				TARGETED_DEVICE_FAMILY = "1,2";
			};
			name = Release;
		};
/* End XCBuildConfiguration section */

/* Begin XCConfigurationList section */
		1F8881C427909E08001427F0 /* Build configuration list for PBXNativeTarget "AzureCommunicationUIDemoAppUITests" */ = {
			isa = XCConfigurationList;
			buildConfigurations = (
				1F8881C227909E08001427F0 /* Debug */,
				1F8881C327909E08001427F0 /* Release */,
			);
			defaultConfigurationIsVisible = 0;
			defaultConfigurationName = Release;
		};
		A8C69FAB2728AE1A00143DB7 /* Build configuration list for PBXProject "AzureCommunicationUIDemoApp" */ = {
			isa = XCConfigurationList;
			buildConfigurations = (
				A8C69FC22728AE1C00143DB7 /* Debug */,
				A8C69FC32728AE1C00143DB7 /* Release */,
			);
			defaultConfigurationIsVisible = 0;
			defaultConfigurationName = Release;
		};
		A8C69FC42728AE1C00143DB7 /* Build configuration list for PBXNativeTarget "AzureCommunicationUIDemoApp" */ = {
			isa = XCConfigurationList;
			buildConfigurations = (
				A8C69FC52728AE1C00143DB7 /* Debug */,
				A8C69FC62728AE1C00143DB7 /* Release */,
			);
			defaultConfigurationIsVisible = 0;
			defaultConfigurationName = Release;
		};
/* End XCConfigurationList section */
	};
	rootObject = A8C69FA82728AE1A00143DB7 /* Project object */;
}
