PODS:
  - AppCenter/Core (4.4.1)
  - AppCenter/Crashes (4.4.1):
    - AppCenter/Core
  - AzureCommunicationCalling (2.2.0):
    - AzureCommunicationCommon (~> 1.0.2)
  - AzureCommunicationCommon (1.0.3)
  - SwiftLint (0.42.0)

DEPENDENCIES:
  - AppCenter/Crashes (= 4.4.1)
  - AzureCommunicationCalling (= 2.2.0)
  - SwiftLint (= 0.42.0)

SPEC REPOS:
  trunk:
    - AppCenter
    - AzureCommunicationCalling
    - AzureCommunicationCommon
    - SwiftLint

SPEC CHECKSUMS:
  AppCenter: b0b6f1190215b5f983c42934db718f3b46fff3c0
  AzureCommunicationCalling: 38d174fc96f252aaaff5f758029623656b6c6349
  AzureCommunicationCommon: 85a3f0ab952db4f88e03bbdb03e79197f90f1d5d
  SwiftLint: 4fa9579c63416865179bc416f0a92d55f009600d

PODFILE CHECKSUM: 2fdf9b869d0dcb27aa7e9bfb5d0d98a2979ed49f

COCOAPODS: 1.11.3
