PODS:
  - AzureCommunicationCalling (2.0.0):
    - AzureCommunicationCommon (~> 1.0.2)
  - AzureCommunicationCommon (1.0.2)
  - MicrosoftFluentUI/Avatar_ios (0.3.5):
    - MicrosoftFluentUI/Core_ios
  - MicrosoftFluentUI/BottomSheet_ios (0.3.5):
    - MicrosoftFluentUI/Obscurable_ios
    - MicrosoftFluentUI/ResizingHandleView_ios
  - MicrosoftFluentUI/Button_ios (0.3.5):
    - MicrosoftFluentUI/Core_ios
  - MicrosoftFluentUI/Core_ios (0.3.5)
  - MicrosoftFluentUI/Drawer_ios (0.3.5):
    - MicrosoftFluentUI/Obscurable_ios
    - MicrosoftFluentUI/ResizingHandleView_ios
    - MicrosoftFluentUI/Separator_ios
    - MicrosoftFluentUI/TouchForwardingView_ios
  - MicrosoftFluentUI/Label_ios (0.3.5):
    - MicrosoftFluentUI/Core_ios
  - MicrosoftFluentUI/Obscurable_ios (0.3.5):
    - MicrosoftFluentUI/Core_ios
  - MicrosoftFluentUI/PopupMenu_ios (0.3.5):
    - MicrosoftFluentUI/Drawer_ios
    - MicrosoftFluentUI/Label_ios
    - MicrosoftFluentUI/Separator_ios
    - MicrosoftFluentUI/TableView_ios
  - MicrosoftFluentUI/ResizingHandleView_ios (0.3.5):
    - MicrosoftFluentUI/Core_ios
  - MicrosoftFluentUI/Separator_ios (0.3.5):
    - MicrosoftFluentUI/Core_ios
  - MicrosoftFluentUI/TableView_ios (0.3.5):
    - MicrosoftFluentUI/Label_ios
    - MicrosoftFluentUI/Separator_ios
  - MicrosoftFluentUI/TouchForwardingView_ios (0.3.5):
    - MicrosoftFluentUI/Core_ios
  - SwiftLint (0.42.0)

DEPENDENCIES:
  - AzureCommunicationCalling (= 2.0.0)
  - MicrosoftFluentUI/Avatar_ios (= 0.3.5)
  - MicrosoftFluentUI/BottomSheet_ios (= 0.3.5)
  - MicrosoftFluentUI/Button_ios (= 0.3.5)
  - MicrosoftFluentUI/PopupMenu_ios (= 0.3.5)
  - SwiftLint (= 0.42.0)

SPEC REPOS:
  trunk:
    - AzureCommunicationCalling
    - AzureCommunicationCommon
    - MicrosoftFluentUI
    - SwiftLint

SPEC CHECKSUMS:
  AzureCommunicationCalling: 3dd866dceb4318b74383b30b1749700fa069a674
  AzureCommunicationCommon: 743009b95ca5de0b32fb5327b1105c6239b7d15d
  MicrosoftFluentUI: 017bdf8d40b7d453c094252e2b5534eb7bfafae4
  SwiftLint: 4fa9579c63416865179bc416f0a92d55f009600d

PODFILE CHECKSUM: 9769f62b2ae7b90b6d36c7007749b2c2e81894bd

COCOAPODS: 1.11.2
